// !$*UTF8*$!
{
	archiveVersion = 1;
	classes = {
	};
	objectVersion = 55;
	objects = {

/* Begin PBXBuildFile section */
		4F064C6F27F0314200F33E75 /* AppDelegate.swift in Sources */ = {isa = PBXBuildFile; fileRef = 4F064C6E27F0314200F33E75 /* AppDelegate.swift */; };
		4F064C7127F0314200F33E75 /* SceneDelegate.swift in Sources */ = {isa = PBXBuildFile; fileRef = 4F064C7027F0314200F33E75 /* SceneDelegate.swift */; };
		4F064C7827F0314300F33E75 /* Assets.xcassets in Resources */ = {isa = PBXBuildFile; fileRef = 4F064C7727F0314300F33E75 /* Assets.xcassets */; };
		4F064C7B27F0314300F33E75 /* LaunchScreen.storyboard in Resources */ = {isa = PBXBuildFile; fileRef = 4F064C7927F0314300F33E75 /* LaunchScreen.storyboard */; };
		4F0AC50F2A41A3DF00BA68D0 /* StatusRow2.swift in Sources */ = {isa = PBXBuildFile; fileRef = 4F0AC50E2A41A3DF00BA68D0 /* StatusRow2.swift */; };
		4F0AC5112A41A40600BA68D0 /* StackDisplay2.swift in Sources */ = {isa = PBXBuildFile; fileRef = 4F0AC5102A41A40600BA68D0 /* StackDisplay2.swift */; };
		4F0AC5132A41A42100BA68D0 /* InputDisplay2.swift in Sources */ = {isa = PBXBuildFile; fileRef = 4F0AC5122A41A42100BA68D0 /* InputDisplay2.swift */; };
		4F0AC5152A41A42B00BA68D0 /* KeypadView2.swift in Sources */ = {isa = PBXBuildFile; fileRef = 4F0AC5142A41A42B00BA68D0 /* KeypadView2.swift */; };
		4F0D67052DC9FA7D0030871B /* TestMathOpsMatrix.swift in Sources */ = {isa = PBXBuildFile; fileRef = 4F0D67042DC9FA780030871B /* TestMathOpsMatrix.swift */; };
		4F0D670A2DCA032C0030871B /* MathOpsMatrix.swift in Sources */ = {isa = PBXBuildFile; fileRef = 4F0D67092DCA03280030871B /* MathOpsMatrix.swift */; };
		4F0D670B2DCA032C0030871B /* MathOpsMatrix.swift in Sources */ = {isa = PBXBuildFile; fileRef = 4F0D67092DCA03280030871B /* MathOpsMatrix.swift */; };
		4F1B3BD22D93E4860022110D /* ComplexValue.swift in Sources */ = {isa = PBXBuildFile; fileRef = 4F1B3BD12D93E4810022110D /* ComplexValue.swift */; };
		4F1B3BD32D93E4860022110D /* ComplexValue.swift in Sources */ = {isa = PBXBuildFile; fileRef = 4F1B3BD12D93E4810022110D /* ComplexValue.swift */; };
		4F1B3BD52D93E51F0022110D /* RationalValue.swift in Sources */ = {isa = PBXBuildFile; fileRef = 4F1B3BD42D93E51C0022110D /* RationalValue.swift */; };
		4F1B3BD62D93E51F0022110D /* RationalValue.swift in Sources */ = {isa = PBXBuildFile; fileRef = 4F1B3BD42D93E51C0022110D /* RationalValue.swift */; };
		4F1B3BD82D93E58F0022110D /* CalcError.swift in Sources */ = {isa = PBXBuildFile; fileRef = 4F1B3BD72D93E58A0022110D /* CalcError.swift */; };
		4F1B3BD92D93E58F0022110D /* CalcError.swift in Sources */ = {isa = PBXBuildFile; fileRef = 4F1B3BD72D93E58A0022110D /* CalcError.swift */; };
		4F256BBC27F20B1400123DA8 /* NumericalValues.swift in Sources */ = {isa = PBXBuildFile; fileRef = 4F256BBB27F20B1400123DA8 /* NumericalValues.swift */; };
		4F256BBD27F20B1400123DA8 /* NumericalValues.swift in Sources */ = {isa = PBXBuildFile; fileRef = 4F256BBB27F20B1400123DA8 /* NumericalValues.swift */; };
		4F322B692DB8F00F001AB8DD /* TestPasteParser.swift in Sources */ = {isa = PBXBuildFile; fileRef = 4F322B682DB8F00F001AB8DD /* TestPasteParser.swift */; };
		4F337DC82A4188EC0021CAE0 /* CalculatorMain.swift in Sources */ = {isa = PBXBuildFile; fileRef = 4F337DC72A4188EC0021CAE0 /* CalculatorMain.swift */; };
		4F337DCB2A4189210021CAE0 /* CalculatorViewController2.swift in Sources */ = {isa = PBXBuildFile; fileRef = 4F337DCA2A4189210021CAE0 /* CalculatorViewController2.swift */; };
		4F337DCC2A4189210021CAE0 /* CalculatorViewController2.swift in Sources */ = {isa = PBXBuildFile; fileRef = 4F337DCA2A4189210021CAE0 /* CalculatorViewController2.swift */; };
		4F37926127F0D05C007B013E /* Extensions.swift in Sources */ = {isa = PBXBuildFile; fileRef = 4F37926027F0D05C007B013E /* Extensions.swift */; };
		4F37926227F0D05C007B013E /* Extensions.swift in Sources */ = {isa = PBXBuildFile; fileRef = 4F37926027F0D05C007B013E /* Extensions.swift */; };
		4F3C51412A495FB1006366EF /* TestStack.swift in Sources */ = {isa = PBXBuildFile; fileRef = 4F3C51402A495FB1006366EF /* TestStack.swift */; };
		4F42B21F2DD5EAC300B1C87B /* TestMatrixEditController.swift in Sources */ = {isa = PBXBuildFile; fileRef = 4F42B21E2DD5EABE00B1C87B /* TestMatrixEditController.swift */; };
		4F4513AD2DD47241007CDCDA /* MatrixContentView.swift in Sources */ = {isa = PBXBuildFile; fileRef = 4F4513AC2DD4722E007CDCDA /* MatrixContentView.swift */; };
		4F4513AE2DD47241007CDCDA /* MatrixContentView.swift in Sources */ = {isa = PBXBuildFile; fileRef = 4F4513AC2DD4722E007CDCDA /* MatrixContentView.swift */; };
		4F4513B02DD490CF007CDCDA /* MatrixEditController.swift in Sources */ = {isa = PBXBuildFile; fileRef = 4F4513AF2DD490CB007CDCDA /* MatrixEditController.swift */; };
		4F4513B12DD490CF007CDCDA /* MatrixEditController.swift in Sources */ = {isa = PBXBuildFile; fileRef = 4F4513AF2DD490CB007CDCDA /* MatrixEditController.swift */; };
		4F483DD129FE6E0F00A34E28 /* TestNumberInput.swift in Sources */ = {isa = PBXBuildFile; fileRef = 4F483DCF29FE6E0F00A34E28 /* TestNumberInput.swift */; };
		4F483DD229FE6E0F00A34E28 /* TestMathOps.swift in Sources */ = {isa = PBXBuildFile; fileRef = 4F483DD029FE6E0F00A34E28 /* TestMathOps.swift */; };
		4F483DD429FE6F0800A34E28 /* TestNumericalValues.swift in Sources */ = {isa = PBXBuildFile; fileRef = 4F483DD329FE6F0800A34E28 /* TestNumericalValues.swift */; };
		4F49B2462DBF599E0004ADD3 /* InputParser.ym in Sources */ = {isa = PBXBuildFile; fileRef = 4F49B2452DBF58820004ADD3 /* InputParser.ym */; };
		4F49B2472DBF599E0004ADD3 /* InputParser.ym in Sources */ = {isa = PBXBuildFile; fileRef = 4F49B2452DBF58820004ADD3 /* InputParser.ym */; };
		4F49B2492DBF59C00004ADD3 /* InputTokeniser.lm in Sources */ = {isa = PBXBuildFile; fileRef = 4F49B2482DBF59AB0004ADD3 /* InputTokeniser.lm */; };
		4F49B24A2DBF59C00004ADD3 /* InputTokeniser.lm in Sources */ = {isa = PBXBuildFile; fileRef = 4F49B2482DBF59AB0004ADD3 /* InputTokeniser.lm */; };
		4F49B24E2DBF5D140004ADD3 /* ParserAdapter.m in Sources */ = {isa = PBXBuildFile; fileRef = 4F49B24C2DBF5D0C0004ADD3 /* ParserAdapter.m */; };
		4F49B2572DBFC1C80004ADD3 /* parsed_types.c in Sources */ = {isa = PBXBuildFile; fileRef = 4F49B2562DBFC1C10004ADD3 /* parsed_types.c */; };
		4F49B2582DBFC1C80004ADD3 /* parsed_types.c in Sources */ = {isa = PBXBuildFile; fileRef = 4F49B2562DBFC1C10004ADD3 /* parsed_types.c */; };
		4F6C89162DB7B43000510D75 /* PasteParser.swift in Sources */ = {isa = PBXBuildFile; fileRef = 4F6C89152DB7B42C00510D75 /* PasteParser.swift */; };
		4F6C89172DB7B43000510D75 /* PasteParser.swift in Sources */ = {isa = PBXBuildFile; fileRef = 4F6C89152DB7B42C00510D75 /* PasteParser.swift */; };
		4F7100462DC8995200F2611F /* CopyPaste.swift in Sources */ = {isa = PBXBuildFile; fileRef = 4F7100452DC8995200F2611F /* CopyPaste.swift */; };
		4F7100472DC8995200F2611F /* CopyPaste.swift in Sources */ = {isa = PBXBuildFile; fileRef = 4F7100452DC8995200F2611F /* CopyPaste.swift */; };
		4F71004C2DC8D83700F2611F /* MatrixValue.swift in Sources */ = {isa = PBXBuildFile; fileRef = 4F71004B2DC8D83100F2611F /* MatrixValue.swift */; };
		4F71004D2DC8D83700F2611F /* MatrixValue.swift in Sources */ = {isa = PBXBuildFile; fileRef = 4F71004B2DC8D83100F2611F /* MatrixValue.swift */; };
		4F71004F2DC8D86200F2611F /* TestNumericalValuesMatrix.swift in Sources */ = {isa = PBXBuildFile; fileRef = 4F71004E2DC8D85D00F2611F /* TestNumericalValuesMatrix.swift */; };
		4F71487B2DE5812B004E70D2 /* MatrixInputView.swift in Sources */ = {isa = PBXBuildFile; fileRef = 4F71487A2DE58127004E70D2 /* MatrixInputView.swift */; };
		4F71487C2DE5812B004E70D2 /* MatrixInputView.swift in Sources */ = {isa = PBXBuildFile; fileRef = 4F71487A2DE58127004E70D2 /* MatrixInputView.swift */; };
		4F975F5529FE48A300BF57A8 /* SceneDelegate.swift in Sources */ = {isa = PBXBuildFile; fileRef = 4F064C7027F0314200F33E75 /* SceneDelegate.swift */; };
		4F975F5629FE48A600BF57A8 /* AppDelegate.swift in Sources */ = {isa = PBXBuildFile; fileRef = 4F064C6E27F0314200F33E75 /* AppDelegate.swift */; };
		4FB536612AE3EFD1008EC8BD /* HelpView.swift in Sources */ = {isa = PBXBuildFile; fileRef = 4FB536602AE3EFD1008EC8BD /* HelpView.swift */; };
		4FB536622AE3EFD1008EC8BD /* HelpView.swift in Sources */ = {isa = PBXBuildFile; fileRef = 4FB536602AE3EFD1008EC8BD /* HelpView.swift */; };
		4FB536642AE3F43A008EC8BD /* Localizable.xcstrings in Resources */ = {isa = PBXBuildFile; fileRef = 4FB536632AE3F43A008EC8BD /* Localizable.xcstrings */; };
		4FB536652AE3F43A008EC8BD /* Localizable.xcstrings in Resources */ = {isa = PBXBuildFile; fileRef = 4FB536632AE3F43A008EC8BD /* Localizable.xcstrings */; };
		4FBE9E232A44783F00E3BA7F /* CalculatorMain.swift in Sources */ = {isa = PBXBuildFile; fileRef = 4F337DC72A4188EC0021CAE0 /* CalculatorMain.swift */; };
		4FBE9E242A44784200E3BA7F /* StackDisplay2.swift in Sources */ = {isa = PBXBuildFile; fileRef = 4F0AC5102A41A40600BA68D0 /* StackDisplay2.swift */; };
		4FBE9E252A44785600E3BA7F /* StatusRow2.swift in Sources */ = {isa = PBXBuildFile; fileRef = 4F0AC50E2A41A3DF00BA68D0 /* StatusRow2.swift */; };
		4FBE9E262A44785A00E3BA7F /* InputDisplay2.swift in Sources */ = {isa = PBXBuildFile; fileRef = 4F0AC5122A41A42100BA68D0 /* InputDisplay2.swift */; };
		4FBE9E272A44785D00E3BA7F /* KeypadView2.swift in Sources */ = {isa = PBXBuildFile; fileRef = 4F0AC5142A41A42B00BA68D0 /* KeypadView2.swift */; };
		4FBFC06E27F32F7600DAB444 /* CalculatorMode.swift in Sources */ = {isa = PBXBuildFile; fileRef = 4FBFC06D27F32F7600DAB444 /* CalculatorMode.swift */; };
		4FBFC06F27F32F7600DAB444 /* CalculatorMode.swift in Sources */ = {isa = PBXBuildFile; fileRef = 4FBFC06D27F32F7600DAB444 /* CalculatorMode.swift */; };
		4FC1C0B127F1D55A00794D9E /* MathOps.swift in Sources */ = {isa = PBXBuildFile; fileRef = 4FC1C0B027F1D55A00794D9E /* MathOps.swift */; };
		4FC1C0B227F1D55A00794D9E /* MathOps.swift in Sources */ = {isa = PBXBuildFile; fileRef = 4FC1C0B027F1D55A00794D9E /* MathOps.swift */; };
		4FC245F82D8FDCEB006DA625 /* TestNumericalValuesRational.swift in Sources */ = {isa = PBXBuildFile; fileRef = 4FC245F72D8FDCDB006DA625 /* TestNumericalValuesRational.swift */; };
		4FCA884A27F37B3D00E95424 /* Styles.swift in Sources */ = {isa = PBXBuildFile; fileRef = 4FCA884927F37B3D00E95424 /* Styles.swift */; };
		4FCA884B27F37B3D00E95424 /* Styles.swift in Sources */ = {isa = PBXBuildFile; fileRef = 4FCA884927F37B3D00E95424 /* Styles.swift */; };
		4FD352E327F0B0980073534E /* KeypadModel.swift in Sources */ = {isa = PBXBuildFile; fileRef = 4FD352E227F0B0980073534E /* KeypadModel.swift */; };
		4FD352E427F0B0980073534E /* KeypadModel.swift in Sources */ = {isa = PBXBuildFile; fileRef = 4FD352E227F0B0980073534E /* KeypadModel.swift */; };
		4FD352E827F0B1C90073534E /* Stack.swift in Sources */ = {isa = PBXBuildFile; fileRef = 4FD352E727F0B1C90073534E /* Stack.swift */; };
		4FD352E927F0B1C90073534E /* Stack.swift in Sources */ = {isa = PBXBuildFile; fileRef = 4FD352E727F0B1C90073534E /* Stack.swift */; };
		4FD352EC27F0B5120073534E /* InputBuffer.swift in Sources */ = {isa = PBXBuildFile; fileRef = 4FD352EB27F0B5120073534E /* InputBuffer.swift */; };
		4FD352ED27F0B5120073534E /* InputBuffer.swift in Sources */ = {isa = PBXBuildFile; fileRef = 4FD352EB27F0B5120073534E /* InputBuffer.swift */; };
		4FE641CA2D9069760036946C /* TestMathOpsRational.swift in Sources */ = {isa = PBXBuildFile; fileRef = 4FE641C92D90696B0036946C /* TestMathOpsRational.swift */; };
/* End PBXBuildFile section */

/* Begin PBXContainerItemProxy section */
		4F064C8227F0314300F33E75 /* PBXContainerItemProxy */ = {
			isa = PBXContainerItemProxy;
			containerPortal = 4F064C6327F0314200F33E75 /* Project object */;
			proxyType = 1;
			remoteGlobalIDString = 4F064C6A27F0314200F33E75;
			remoteInfo = calculatrice;
		};
/* End PBXContainerItemProxy section */

/* Begin PBXFileReference section */
		4F064C6B27F0314200F33E75 /* calculatrice.app */ = {isa = PBXFileReference; explicitFileType = wrapper.application; includeInIndex = 0; path = calculatrice.app; sourceTree = BUILT_PRODUCTS_DIR; };
		4F064C6E27F0314200F33E75 /* AppDelegate.swift */ = {isa = PBXFileReference; lastKnownFileType = sourcecode.swift; path = AppDelegate.swift; sourceTree = "<group>"; };
		4F064C7027F0314200F33E75 /* SceneDelegate.swift */ = {isa = PBXFileReference; lastKnownFileType = sourcecode.swift; path = SceneDelegate.swift; sourceTree = "<group>"; };
		4F064C7727F0314300F33E75 /* Assets.xcassets */ = {isa = PBXFileReference; lastKnownFileType = folder.assetcatalog; path = Assets.xcassets; sourceTree = "<group>"; };
		4F064C7A27F0314300F33E75 /* Base */ = {isa = PBXFileReference; lastKnownFileType = file.storyboard; name = Base; path = Base.lproj/LaunchScreen.storyboard; sourceTree = "<group>"; };
		4F064C7C27F0314300F33E75 /* Info.plist */ = {isa = PBXFileReference; lastKnownFileType = text.plist.xml; path = Info.plist; sourceTree = "<group>"; };
		4F064C8127F0314300F33E75 /* calculatriceTests.xctest */ = {isa = PBXFileReference; explicitFileType = wrapper.cfbundle; includeInIndex = 0; path = calculatriceTests.xctest; sourceTree = BUILT_PRODUCTS_DIR; };
		4F0AC50E2A41A3DF00BA68D0 /* StatusRow2.swift */ = {isa = PBXFileReference; lastKnownFileType = sourcecode.swift; path = StatusRow2.swift; sourceTree = "<group>"; };
		4F0AC5102A41A40600BA68D0 /* StackDisplay2.swift */ = {isa = PBXFileReference; lastKnownFileType = sourcecode.swift; path = StackDisplay2.swift; sourceTree = "<group>"; };
		4F0AC5122A41A42100BA68D0 /* InputDisplay2.swift */ = {isa = PBXFileReference; lastKnownFileType = sourcecode.swift; path = InputDisplay2.swift; sourceTree = "<group>"; };
		4F0AC5142A41A42B00BA68D0 /* KeypadView2.swift */ = {isa = PBXFileReference; lastKnownFileType = sourcecode.swift; path = KeypadView2.swift; sourceTree = "<group>"; };
		4F0D67042DC9FA780030871B /* TestMathOpsMatrix.swift */ = {isa = PBXFileReference; lastKnownFileType = sourcecode.swift; path = TestMathOpsMatrix.swift; sourceTree = "<group>"; };
		4F0D67092DCA03280030871B /* MathOpsMatrix.swift */ = {isa = PBXFileReference; lastKnownFileType = sourcecode.swift; path = MathOpsMatrix.swift; sourceTree = "<group>"; };
		4F1B3BD12D93E4810022110D /* ComplexValue.swift */ = {isa = PBXFileReference; lastKnownFileType = sourcecode.swift; path = ComplexValue.swift; sourceTree = "<group>"; };
		4F1B3BD42D93E51C0022110D /* RationalValue.swift */ = {isa = PBXFileReference; lastKnownFileType = sourcecode.swift; path = RationalValue.swift; sourceTree = "<group>"; };
		4F1B3BD72D93E58A0022110D /* CalcError.swift */ = {isa = PBXFileReference; lastKnownFileType = sourcecode.swift; path = CalcError.swift; sourceTree = "<group>"; };
		4F256BBB27F20B1400123DA8 /* NumericalValues.swift */ = {isa = PBXFileReference; lastKnownFileType = sourcecode.swift; path = NumericalValues.swift; sourceTree = "<group>"; };
		4F322B682DB8F00F001AB8DD /* TestPasteParser.swift */ = {isa = PBXFileReference; lastKnownFileType = sourcecode.swift; path = TestPasteParser.swift; sourceTree = "<group>"; };
		4F337DC72A4188EC0021CAE0 /* CalculatorMain.swift */ = {isa = PBXFileReference; lastKnownFileType = sourcecode.swift; path = CalculatorMain.swift; sourceTree = "<group>"; };
		4F337DCA2A4189210021CAE0 /* CalculatorViewController2.swift */ = {isa = PBXFileReference; lastKnownFileType = sourcecode.swift; path = CalculatorViewController2.swift; sourceTree = "<group>"; };
		4F37926027F0D05C007B013E /* Extensions.swift */ = {isa = PBXFileReference; lastKnownFileType = sourcecode.swift; path = Extensions.swift; sourceTree = "<group>"; };
		4F3C51402A495FB1006366EF /* TestStack.swift */ = {isa = PBXFileReference; lastKnownFileType = sourcecode.swift; path = TestStack.swift; sourceTree = "<group>"; };
		4F42B21E2DD5EABE00B1C87B /* TestMatrixEditController.swift */ = {isa = PBXFileReference; lastKnownFileType = sourcecode.swift; path = TestMatrixEditController.swift; sourceTree = "<group>"; };
		4F4513AC2DD4722E007CDCDA /* MatrixContentView.swift */ = {isa = PBXFileReference; lastKnownFileType = sourcecode.swift; path = MatrixContentView.swift; sourceTree = "<group>"; };
		4F4513AF2DD490CB007CDCDA /* MatrixEditController.swift */ = {isa = PBXFileReference; lastKnownFileType = sourcecode.swift; path = MatrixEditController.swift; sourceTree = "<group>"; };
		4F483DCF29FE6E0F00A34E28 /* TestNumberInput.swift */ = {isa = PBXFileReference; fileEncoding = 4; lastKnownFileType = sourcecode.swift; path = TestNumberInput.swift; sourceTree = "<group>"; };
		4F483DD029FE6E0F00A34E28 /* TestMathOps.swift */ = {isa = PBXFileReference; fileEncoding = 4; lastKnownFileType = sourcecode.swift; path = TestMathOps.swift; sourceTree = "<group>"; };
		4F483DD329FE6F0800A34E28 /* TestNumericalValues.swift */ = {isa = PBXFileReference; lastKnownFileType = sourcecode.swift; path = TestNumericalValues.swift; sourceTree = "<group>"; };
		4F49B2452DBF58820004ADD3 /* InputParser.ym */ = {isa = PBXFileReference; lastKnownFileType = sourcecode.yacc; path = InputParser.ym; sourceTree = "<group>"; };
		4F49B2482DBF59AB0004ADD3 /* InputTokeniser.lm */ = {isa = PBXFileReference; lastKnownFileType = sourcecode.lex; path = InputTokeniser.lm; sourceTree = "<group>"; };
		4F49B24B2DBF5CF30004ADD3 /* ParserAdapter.h */ = {isa = PBXFileReference; lastKnownFileType = sourcecode.c.h; path = ParserAdapter.h; sourceTree = "<group>"; };
		4F49B24C2DBF5D0C0004ADD3 /* ParserAdapter.m */ = {isa = PBXFileReference; lastKnownFileType = sourcecode.c.objc; path = ParserAdapter.m; sourceTree = "<group>"; };
		4F49B24F2DBF5D1A0004ADD3 /* calculatrice-Bridging-Header.h */ = {isa = PBXFileReference; lastKnownFileType = sourcecode.c.h; path = "calculatrice-Bridging-Header.h"; sourceTree = "<group>"; };
		4F49B2502DBF5D1A0004ADD3 /* calculatriceTests-Bridging-Header.h */ = {isa = PBXFileReference; lastKnownFileType = sourcecode.c.h; path = "calculatriceTests-Bridging-Header.h"; sourceTree = "<group>"; };
		4F49B2552DBFC1A40004ADD3 /* parsed_types.h */ = {isa = PBXFileReference; lastKnownFileType = sourcecode.c.h; path = parsed_types.h; sourceTree = "<group>"; };
		4F49B2562DBFC1C10004ADD3 /* parsed_types.c */ = {isa = PBXFileReference; lastKnownFileType = sourcecode.c.c; path = parsed_types.c; sourceTree = "<group>"; };
		4F6C89152DB7B42C00510D75 /* PasteParser.swift */ = {isa = PBXFileReference; lastKnownFileType = sourcecode.swift; path = PasteParser.swift; sourceTree = "<group>"; };
		4F7100452DC8995200F2611F /* CopyPaste.swift */ = {isa = PBXFileReference; lastKnownFileType = sourcecode.swift; path = CopyPaste.swift; sourceTree = "<group>"; };
		4F7100492DC8BD6000F2611F /* WhatToTest.en-US.txt */ = {isa = PBXFileReference; lastKnownFileType = text; path = "WhatToTest.en-US.txt"; sourceTree = "<group>"; };
		4F71004B2DC8D83100F2611F /* MatrixValue.swift */ = {isa = PBXFileReference; lastKnownFileType = sourcecode.swift; path = MatrixValue.swift; sourceTree = "<group>"; };
		4F71004E2DC8D85D00F2611F /* TestNumericalValuesMatrix.swift */ = {isa = PBXFileReference; lastKnownFileType = sourcecode.swift; path = TestNumericalValuesMatrix.swift; sourceTree = "<group>"; };
		4F71487A2DE58127004E70D2 /* MatrixInputView.swift */ = {isa = PBXFileReference; lastKnownFileType = sourcecode.swift; path = MatrixInputView.swift; sourceTree = "<group>"; };
		4FB536602AE3EFD1008EC8BD /* HelpView.swift */ = {isa = PBXFileReference; lastKnownFileType = sourcecode.swift; path = HelpView.swift; sourceTree = "<group>"; };
		4FB536632AE3F43A008EC8BD /* Localizable.xcstrings */ = {isa = PBXFileReference; lastKnownFileType = text.json.xcstrings; path = Localizable.xcstrings; sourceTree = "<group>"; };
		4FBFC06D27F32F7600DAB444 /* CalculatorMode.swift */ = {isa = PBXFileReference; lastKnownFileType = sourcecode.swift; path = CalculatorMode.swift; sourceTree = "<group>"; };
		4FC1C0B027F1D55A00794D9E /* MathOps.swift */ = {isa = PBXFileReference; lastKnownFileType = sourcecode.swift; path = MathOps.swift; sourceTree = "<group>"; };
		4FC245F72D8FDCDB006DA625 /* TestNumericalValuesRational.swift */ = {isa = PBXFileReference; lastKnownFileType = sourcecode.swift; path = TestNumericalValuesRational.swift; sourceTree = "<group>"; };
		4FCA884927F37B3D00E95424 /* Styles.swift */ = {isa = PBXFileReference; lastKnownFileType = sourcecode.swift; path = Styles.swift; sourceTree = "<group>"; };
		4FD352E227F0B0980073534E /* KeypadModel.swift */ = {isa = PBXFileReference; lastKnownFileType = sourcecode.swift; path = KeypadModel.swift; sourceTree = "<group>"; };
		4FD352E727F0B1C90073534E /* Stack.swift */ = {isa = PBXFileReference; lastKnownFileType = sourcecode.swift; path = Stack.swift; sourceTree = "<group>"; };
		4FD352EB27F0B5120073534E /* InputBuffer.swift */ = {isa = PBXFileReference; lastKnownFileType = sourcecode.swift; path = InputBuffer.swift; sourceTree = "<group>"; };
		4FE641C92D90696B0036946C /* TestMathOpsRational.swift */ = {isa = PBXFileReference; lastKnownFileType = sourcecode.swift; path = TestMathOpsRational.swift; sourceTree = "<group>"; };
/* End PBXFileReference section */

/* Begin PBXFrameworksBuildPhase section */
		4F064C6827F0314200F33E75 /* Frameworks */ = {
			isa = PBXFrameworksBuildPhase;
			buildActionMask = 2147483647;
			files = (
			);
			runOnlyForDeploymentPostprocessing = 0;
		};
		4F483DC629FE692500A34E28 /* Frameworks */ = {
			isa = PBXFrameworksBuildPhase;
			buildActionMask = 2147483647;
			files = (
			);
			runOnlyForDeploymentPostprocessing = 0;
		};
/* End PBXFrameworksBuildPhase section */

/* Begin PBXGroup section */
		4F064C6227F0314200F33E75 = {
			isa = PBXGroup;
			children = (
				4F7100482DC8BD5400F2611F /* TestFlight */,
				4FB536632AE3F43A008EC8BD /* Localizable.xcstrings */,
				4F064C6D27F0314200F33E75 /* calculatrice */,
				4F064C8427F0314300F33E75 /* calculatriceTests */,
				4F064C6C27F0314200F33E75 /* Products */,
			);
			sourceTree = "<group>";
		};
		4F064C6C27F0314200F33E75 /* Products */ = {
			isa = PBXGroup;
			children = (
				4F064C6B27F0314200F33E75 /* calculatrice.app */,
				4F064C8127F0314300F33E75 /* calculatriceTests.xctest */,
			);
			name = Products;
			sourceTree = "<group>";
		};
		4F064C6D27F0314200F33E75 /* calculatrice */ = {
			isa = PBXGroup;
			children = (
				4F49B2442DBF57D70004ADD3 /* PasteParser */,
				4F337DC62A4188AF0021CAE0 /* swiftuiDisplay */,
				4FC1C0AF27F1D52B00794D9E /* math */,
				4F37925F27F0D04D007B013E /* utils */,
				4FD352E627F0B1B90073534E /* stack */,
				4FD352E127F0B07C0073534E /* keypad */,
				4F064C6E27F0314200F33E75 /* AppDelegate.swift */,
				4F064C7027F0314200F33E75 /* SceneDelegate.swift */,
				4F064C7727F0314300F33E75 /* Assets.xcassets */,
				4F064C7927F0314300F33E75 /* LaunchScreen.storyboard */,
				4F064C7C27F0314300F33E75 /* Info.plist */,
				4F337DCA2A4189210021CAE0 /* CalculatorViewController2.swift */,
				4F49B24F2DBF5D1A0004ADD3 /* calculatrice-Bridging-Header.h */,
				4F49B2502DBF5D1A0004ADD3 /* calculatriceTests-Bridging-Header.h */,
			);
			path = calculatrice;
			sourceTree = "<group>";
		};
		4F064C8427F0314300F33E75 /* calculatriceTests */ = {
			isa = PBXGroup;
			children = (
				4F42B21E2DD5EABE00B1C87B /* TestMatrixEditController.swift */,
				4F0D67042DC9FA780030871B /* TestMathOpsMatrix.swift */,
				4F71004E2DC8D85D00F2611F /* TestNumericalValuesMatrix.swift */,
				4FE641C92D90696B0036946C /* TestMathOpsRational.swift */,
				4FC245F72D8FDCDB006DA625 /* TestNumericalValuesRational.swift */,
				4F483DD029FE6E0F00A34E28 /* TestMathOps.swift */,
				4F483DCF29FE6E0F00A34E28 /* TestNumberInput.swift */,
				4F483DD329FE6F0800A34E28 /* TestNumericalValues.swift */,
				4F3C51402A495FB1006366EF /* TestStack.swift */,
				4F322B682DB8F00F001AB8DD /* TestPasteParser.swift */,
			);
			path = calculatriceTests;
			sourceTree = "<group>";
		};
		4F337DC62A4188AF0021CAE0 /* swiftuiDisplay */ = {
			isa = PBXGroup;
			children = (
				4F71487A2DE58127004E70D2 /* MatrixInputView.swift */,
				4F4513AF2DD490CB007CDCDA /* MatrixEditController.swift */,
				4F4513AC2DD4722E007CDCDA /* MatrixContentView.swift */,
				4F7100452DC8995200F2611F /* CopyPaste.swift */,
				4F337DC72A4188EC0021CAE0 /* CalculatorMain.swift */,
				4F0AC50E2A41A3DF00BA68D0 /* StatusRow2.swift */,
				4F0AC5102A41A40600BA68D0 /* StackDisplay2.swift */,
				4F0AC5122A41A42100BA68D0 /* InputDisplay2.swift */,
				4F0AC5142A41A42B00BA68D0 /* KeypadView2.swift */,
				4FB536602AE3EFD1008EC8BD /* HelpView.swift */,
			);
			path = swiftuiDisplay;
			sourceTree = "<group>";
		};
		4F37925F27F0D04D007B013E /* utils */ = {
			isa = PBXGroup;
			children = (
				4F1B3BD72D93E58A0022110D /* CalcError.swift */,
				4F37926027F0D05C007B013E /* Extensions.swift */,
				4FCA884927F37B3D00E95424 /* Styles.swift */,
			);
			path = utils;
			sourceTree = "<group>";
		};
		4F49B2442DBF57D70004ADD3 /* PasteParser */ = {
			isa = PBXGroup;
			children = (
				4F49B2562DBFC1C10004ADD3 /* parsed_types.c */,
				4F49B2552DBFC1A40004ADD3 /* parsed_types.h */,
				4F49B24C2DBF5D0C0004ADD3 /* ParserAdapter.m */,
				4F49B24B2DBF5CF30004ADD3 /* ParserAdapter.h */,
				4F49B2482DBF59AB0004ADD3 /* InputTokeniser.lm */,
				4F49B2452DBF58820004ADD3 /* InputParser.ym */,
				4F6C89152DB7B42C00510D75 /* PasteParser.swift */,
			);
			path = PasteParser;
			sourceTree = "<group>";
		};
		4F7100482DC8BD5400F2611F /* TestFlight */ = {
			isa = PBXGroup;
			children = (
				4F7100492DC8BD6000F2611F /* WhatToTest.en-US.txt */,
			);
			path = TestFlight;
			sourceTree = "<group>";
		};
		4FC1C0AF27F1D52B00794D9E /* math */ = {
			isa = PBXGroup;
			children = (
				4F0D67092DCA03280030871B /* MathOpsMatrix.swift */,
				4F71004B2DC8D83100F2611F /* MatrixValue.swift */,
				4F1B3BD42D93E51C0022110D /* RationalValue.swift */,
				4F1B3BD12D93E4810022110D /* ComplexValue.swift */,
				4FC1C0B027F1D55A00794D9E /* MathOps.swift */,
				4F256BBB27F20B1400123DA8 /* NumericalValues.swift */,
				4FBFC06D27F32F7600DAB444 /* CalculatorMode.swift */,
			);
			path = math;
			sourceTree = "<group>";
		};
		4FD352E127F0B07C0073534E /* keypad */ = {
			isa = PBXGroup;
			children = (
				4FD352E227F0B0980073534E /* KeypadModel.swift */,
			);
			path = keypad;
			sourceTree = "<group>";
		};
		4FD352E627F0B1B90073534E /* stack */ = {
			isa = PBXGroup;
			children = (
				4FD352E727F0B1C90073534E /* Stack.swift */,
				4FD352EB27F0B5120073534E /* InputBuffer.swift */,
			);
			path = stack;
			sourceTree = "<group>";
		};
/* End PBXGroup section */

/* Begin PBXNativeTarget section */
		4F064C6A27F0314200F33E75 /* calculatrice */ = {
			isa = PBXNativeTarget;
			buildConfigurationList = 4F064C9527F0314300F33E75 /* Build configuration list for PBXNativeTarget "calculatrice" */;
			buildPhases = (
				4F86658B27F18BE0002B550B /* Run Lint with autocorrect */,
				4F064C6727F0314200F33E75 /* Sources */,
				4F064C6827F0314200F33E75 /* Frameworks */,
				4F064C6927F0314200F33E75 /* Resources */,
			);
			buildRules = (
			);
			dependencies = (
			);
			name = calculatrice;
			packageProductDependencies = (
			);
			productName = calculatrice;
			productReference = 4F064C6B27F0314200F33E75 /* calculatrice.app */;
			productType = "com.apple.product-type.application";
		};
		4F064C8027F0314300F33E75 /* calculatriceTests */ = {
			isa = PBXNativeTarget;
			buildConfigurationList = 4F064C9827F0314300F33E75 /* Build configuration list for PBXNativeTarget "calculatriceTests" */;
			buildPhases = (
				4F064C7D27F0314300F33E75 /* Sources */,
				4F483DC629FE692500A34E28 /* Frameworks */,
				4F064C7F27F0314300F33E75 /* Resources */,
			);
			buildRules = (
			);
			dependencies = (
				4F064C8327F0314300F33E75 /* PBXTargetDependency */,
			);
			name = calculatriceTests;
			productName = calculatriceTests;
			productReference = 4F064C8127F0314300F33E75 /* calculatriceTests.xctest */;
			productType = "com.apple.product-type.bundle.unit-test";
		};
/* End PBXNativeTarget section */

/* Begin PBXProject section */
		4F064C6327F0314200F33E75 /* Project object */ = {
			isa = PBXProject;
			attributes = {
				BuildIndependentTargetsInParallel = 1;
				LastSwiftUpdateCheck = 1330;
				LastUpgradeCheck = 1330;
				TargetAttributes = {
					4F064C6A27F0314200F33E75 = {
						CreatedOnToolsVersion = 13.3;
						LastSwiftMigration = 1630;
					};
					4F064C8027F0314300F33E75 = {
						CreatedOnToolsVersion = 13.3;
						LastSwiftMigration = 1630;
						TestTargetID = 4F064C6A27F0314200F33E75;
					};
				};
			};
			buildConfigurationList = 4F064C6627F0314200F33E75 /* Build configuration list for PBXProject "calculatrice" */;
			compatibilityVersion = "Xcode 13.0";
			developmentRegion = en;
			hasScannedForEncodings = 0;
			knownRegions = (
				en,
				Base,
				fi,
			);
			mainGroup = 4F064C6227F0314200F33E75;
			packageReferences = (
			);
			productRefGroup = 4F064C6C27F0314200F33E75 /* Products */;
			projectDirPath = "";
			projectRoot = "";
			targets = (
				4F064C6A27F0314200F33E75 /* calculatrice */,
				4F064C8027F0314300F33E75 /* calculatriceTests */,
			);
		};
/* End PBXProject section */

/* Begin PBXResourcesBuildPhase section */
		4F064C6927F0314200F33E75 /* Resources */ = {
			isa = PBXResourcesBuildPhase;
			buildActionMask = 2147483647;
			files = (
				4F064C7B27F0314300F33E75 /* LaunchScreen.storyboard in Resources */,
				4F064C7827F0314300F33E75 /* Assets.xcassets in Resources */,
				4FB536642AE3F43A008EC8BD /* Localizable.xcstrings in Resources */,
			);
			runOnlyForDeploymentPostprocessing = 0;
		};
		4F064C7F27F0314300F33E75 /* Resources */ = {
			isa = PBXResourcesBuildPhase;
			buildActionMask = 2147483647;
			files = (
				4FB536652AE3F43A008EC8BD /* Localizable.xcstrings in Resources */,
			);
			runOnlyForDeploymentPostprocessing = 0;
		};
/* End PBXResourcesBuildPhase section */

/* Begin PBXShellScriptBuildPhase section */
		4F86658B27F18BE0002B550B /* Run Lint with autocorrect */ = {
			isa = PBXShellScriptBuildPhase;
			alwaysOutOfDate = 1;
			buildActionMask = 2147483647;
			files = (
			);
			inputFileListPaths = (
			);
			inputPaths = (
			);
			name = "Run Lint with autocorrect";
			outputFileListPaths = (
			);
			outputPaths = (
			);
			runOnlyForDeploymentPostprocessing = 0;
			shellPath = /bin/sh;
			shellScript = "if [ -x /opt/local/bin/swiftlint ] ; then\n    /opt/local/bin/swiftlint --fix\n    exit $?\nfi\n\nexit 0\n";
		};
/* End PBXShellScriptBuildPhase section */

/* Begin PBXSourcesBuildPhase section */
		4F064C6727F0314200F33E75 /* Sources */ = {
			isa = PBXSourcesBuildPhase;
			buildActionMask = 2147483647;
			files = (
				4F37926127F0D05C007B013E /* Extensions.swift in Sources */,
				4F337DCB2A4189210021CAE0 /* CalculatorViewController2.swift in Sources */,
				4FD352E827F0B1C90073534E /* Stack.swift in Sources */,
				4F4513B02DD490CF007CDCDA /* MatrixEditController.swift in Sources */,
				4F1B3BD82D93E58F0022110D /* CalcError.swift in Sources */,
				4F49B2582DBFC1C80004ADD3 /* parsed_types.c in Sources */,
				4F0AC5132A41A42100BA68D0 /* InputDisplay2.swift in Sources */,
				4F49B2462DBF599E0004ADD3 /* InputParser.ym in Sources */,
				4F1B3BD32D93E4860022110D /* ComplexValue.swift in Sources */,
				4F7100472DC8995200F2611F /* CopyPaste.swift in Sources */,
				4F064C6F27F0314200F33E75 /* AppDelegate.swift in Sources */,
				4F49B24E2DBF5D140004ADD3 /* ParserAdapter.m in Sources */,
				4F0D670A2DCA032C0030871B /* MathOpsMatrix.swift in Sources */,
				4FC1C0B127F1D55A00794D9E /* MathOps.swift in Sources */,
				4F4513AD2DD47241007CDCDA /* MatrixContentView.swift in Sources */,
				4FB536612AE3EFD1008EC8BD /* HelpView.swift in Sources */,
				4F256BBC27F20B1400123DA8 /* NumericalValues.swift in Sources */,
				4F0AC5112A41A40600BA68D0 /* StackDisplay2.swift in Sources */,
				4FBFC06E27F32F7600DAB444 /* CalculatorMode.swift in Sources */,
				4F064C7127F0314200F33E75 /* SceneDelegate.swift in Sources */,
				4F6C89162DB7B43000510D75 /* PasteParser.swift in Sources */,
				4F0AC5152A41A42B00BA68D0 /* KeypadView2.swift in Sources */,
				4F0AC50F2A41A3DF00BA68D0 /* StatusRow2.swift in Sources */,
				4F337DC82A4188EC0021CAE0 /* CalculatorMain.swift in Sources */,
				4F71487C2DE5812B004E70D2 /* MatrixInputView.swift in Sources */,
				4F1B3BD52D93E51F0022110D /* RationalValue.swift in Sources */,
				4F71004C2DC8D83700F2611F /* MatrixValue.swift in Sources */,
				4FCA884A27F37B3D00E95424 /* Styles.swift in Sources */,
				4F49B2492DBF59C00004ADD3 /* InputTokeniser.lm in Sources */,
				4FD352EC27F0B5120073534E /* InputBuffer.swift in Sources */,
				4FD352E327F0B0980073534E /* KeypadModel.swift in Sources */,
			);
			runOnlyForDeploymentPostprocessing = 0;
		};
		4F064C7D27F0314300F33E75 /* Sources */ = {
			isa = PBXSourcesBuildPhase;
			buildActionMask = 2147483647;
			files = (
				4F483DD229FE6E0F00A34E28 /* TestMathOps.swift in Sources */,
				4F975F5629FE48A600BF57A8 /* AppDelegate.swift in Sources */,
				4F7100462DC8995200F2611F /* CopyPaste.swift in Sources */,
				4F975F5529FE48A300BF57A8 /* SceneDelegate.swift in Sources */,
				4FCA884B27F37B3D00E95424 /* Styles.swift in Sources */,
				4FC245F82D8FDCEB006DA625 /* TestNumericalValuesRational.swift in Sources */,
				4F4513AE2DD47241007CDCDA /* MatrixContentView.swift in Sources */,
				4F42B21F2DD5EAC300B1C87B /* TestMatrixEditController.swift in Sources */,
				4FBE9E262A44785A00E3BA7F /* InputDisplay2.swift in Sources */,
				4FBE9E252A44785600E3BA7F /* StatusRow2.swift in Sources */,
				4F4513B12DD490CF007CDCDA /* MatrixEditController.swift in Sources */,
				4F1B3BD92D93E58F0022110D /* CalcError.swift in Sources */,
				4F71004F2DC8D86200F2611F /* TestNumericalValuesMatrix.swift in Sources */,
				4FE641CA2D9069760036946C /* TestMathOpsRational.swift in Sources */,
				4FD352E927F0B1C90073534E /* Stack.swift in Sources */,
				4FD352ED27F0B5120073534E /* InputBuffer.swift in Sources */,
				4F1B3BD22D93E4860022110D /* ComplexValue.swift in Sources */,
				4F71004D2DC8D83700F2611F /* MatrixValue.swift in Sources */,
				4F322B692DB8F00F001AB8DD /* TestPasteParser.swift in Sources */,
				4FC1C0B227F1D55A00794D9E /* MathOps.swift in Sources */,
				4F483DD129FE6E0F00A34E28 /* TestNumberInput.swift in Sources */,
				4FB536622AE3EFD1008EC8BD /* HelpView.swift in Sources */,
				4FBE9E242A44784200E3BA7F /* StackDisplay2.swift in Sources */,
				4F49B2572DBFC1C80004ADD3 /* parsed_types.c in Sources */,
				4F71487B2DE5812B004E70D2 /* MatrixInputView.swift in Sources */,
				4F1B3BD62D93E51F0022110D /* RationalValue.swift in Sources */,
				4FBE9E272A44785D00E3BA7F /* KeypadView2.swift in Sources */,
				4F3C51412A495FB1006366EF /* TestStack.swift in Sources */,
				4F6C89172DB7B43000510D75 /* PasteParser.swift in Sources */,
				4F0D67052DC9FA7D0030871B /* TestMathOpsMatrix.swift in Sources */,
				4FBFC06F27F32F7600DAB444 /* CalculatorMode.swift in Sources */,
				4FD352E427F0B0980073534E /* KeypadModel.swift in Sources */,
				4F483DD429FE6F0800A34E28 /* TestNumericalValues.swift in Sources */,
				4F337DCC2A4189210021CAE0 /* CalculatorViewController2.swift in Sources */,
				4FBE9E232A44783F00E3BA7F /* CalculatorMain.swift in Sources */,
				4F49B24A2DBF59C00004ADD3 /* InputTokeniser.lm in Sources */,
				4F49B2472DBF599E0004ADD3 /* InputParser.ym in Sources */,
				4F37926227F0D05C007B013E /* Extensions.swift in Sources */,
				4F256BBD27F20B1400123DA8 /* NumericalValues.swift in Sources */,
				4F0D670B2DCA032C0030871B /* MathOpsMatrix.swift in Sources */,
			);
			runOnlyForDeploymentPostprocessing = 0;
		};
/* End PBXSourcesBuildPhase section */

/* Begin PBXTargetDependency section */
		4F064C8327F0314300F33E75 /* PBXTargetDependency */ = {
			isa = PBXTargetDependency;
			target = 4F064C6A27F0314200F33E75 /* calculatrice */;
			targetProxy = 4F064C8227F0314300F33E75 /* PBXContainerItemProxy */;
		};
/* End PBXTargetDependency section */

/* Begin PBXVariantGroup section */
		4F064C7927F0314300F33E75 /* LaunchScreen.storyboard */ = {
			isa = PBXVariantGroup;
			children = (
				4F064C7A27F0314300F33E75 /* Base */,
			);
			name = LaunchScreen.storyboard;
			sourceTree = "<group>";
		};
/* End PBXVariantGroup section */

/* Begin XCBuildConfiguration section */
		4F064C9327F0314300F33E75 /* Debug */ = {
			isa = XCBuildConfiguration;
			buildSettings = {
				ALWAYS_SEARCH_USER_PATHS = NO;
				CLANG_ANALYZER_NONNULL = YES;
				CLANG_ANALYZER_NUMBER_OBJECT_CONVERSION = YES_AGGRESSIVE;
				CLANG_CXX_LANGUAGE_STANDARD = "gnu++17";
				CLANG_ENABLE_MODULES = YES;
				CLANG_ENABLE_OBJC_ARC = YES;
				CLANG_ENABLE_OBJC_WEAK = YES;
				CLANG_WARN_BLOCK_CAPTURE_AUTORELEASING = YES;
				CLANG_WARN_BOOL_CONVERSION = YES;
				CLANG_WARN_COMMA = YES;
				CLANG_WARN_CONSTANT_CONVERSION = YES;
				CLANG_WARN_DEPRECATED_OBJC_IMPLEMENTATIONS = YES;
				CLANG_WARN_DIRECT_OBJC_ISA_USAGE = YES_ERROR;
				CLANG_WARN_DOCUMENTATION_COMMENTS = YES;
				CLANG_WARN_EMPTY_BODY = YES;
				CLANG_WARN_ENUM_CONVERSION = YES;
				CLANG_WARN_INFINITE_RECURSION = YES;
				CLANG_WARN_INT_CONVERSION = YES;
				CLANG_WARN_NON_LITERAL_NULL_CONVERSION = YES;
				CLANG_WARN_OBJC_IMPLICIT_RETAIN_SELF = YES;
				CLANG_WARN_OBJC_LITERAL_CONVERSION = YES;
				CLANG_WARN_OBJC_ROOT_CLASS = YES_ERROR;
				CLANG_WARN_QUOTED_INCLUDE_IN_FRAMEWORK_HEADER = YES;
				CLANG_WARN_RANGE_LOOP_ANALYSIS = YES;
				CLANG_WARN_STRICT_PROTOTYPES = YES;
				CLANG_WARN_SUSPICIOUS_MOVE = YES;
				CLANG_WARN_UNGUARDED_AVAILABILITY = YES_AGGRESSIVE;
				CLANG_WARN_UNREACHABLE_CODE = YES;
				CLANG_WARN__DUPLICATE_METHOD_MATCH = YES;
				COPY_PHASE_STRIP = NO;
				DEBUG_INFORMATION_FORMAT = dwarf;
				ENABLE_STRICT_OBJC_MSGSEND = YES;
				ENABLE_TESTABILITY = YES;
				GCC_C_LANGUAGE_STANDARD = gnu11;
				GCC_DYNAMIC_NO_PIC = NO;
				GCC_NO_COMMON_BLOCKS = YES;
				GCC_OPTIMIZATION_LEVEL = 0;
				GCC_PREPROCESSOR_DEFINITIONS = (
					"DEBUG=1",
					"$(inherited)",
				);
				GCC_WARN_64_TO_32_BIT_CONVERSION = YES;
				GCC_WARN_ABOUT_RETURN_TYPE = YES_ERROR;
				GCC_WARN_UNDECLARED_SELECTOR = YES;
				GCC_WARN_UNINITIALIZED_AUTOS = YES_AGGRESSIVE;
				GCC_WARN_UNUSED_FUNCTION = YES;
				GCC_WARN_UNUSED_VARIABLE = YES;
				IPHONEOS_DEPLOYMENT_TARGET = 16.0;
				MTL_ENABLE_DEBUG_INFO = INCLUDE_SOURCE;
				MTL_FAST_MATH = YES;
				ONLY_ACTIVE_ARCH = YES;
				SDKROOT = iphoneos;
				SWIFT_ACTIVE_COMPILATION_CONDITIONS = DEBUG;
				SWIFT_OPTIMIZATION_LEVEL = "-Onone";
			};
			name = Debug;
		};
		4F064C9427F0314300F33E75 /* Release */ = {
			isa = XCBuildConfiguration;
			buildSettings = {
				ALWAYS_SEARCH_USER_PATHS = NO;
				CLANG_ANALYZER_NONNULL = YES;
				CLANG_ANALYZER_NUMBER_OBJECT_CONVERSION = YES_AGGRESSIVE;
				CLANG_CXX_LANGUAGE_STANDARD = "gnu++17";
				CLANG_ENABLE_MODULES = YES;
				CLANG_ENABLE_OBJC_ARC = YES;
				CLANG_ENABLE_OBJC_WEAK = YES;
				CLANG_WARN_BLOCK_CAPTURE_AUTORELEASING = YES;
				CLANG_WARN_BOOL_CONVERSION = YES;
				CLANG_WARN_COMMA = YES;
				CLANG_WARN_CONSTANT_CONVERSION = YES;
				CLANG_WARN_DEPRECATED_OBJC_IMPLEMENTATIONS = YES;
				CLANG_WARN_DIRECT_OBJC_ISA_USAGE = YES_ERROR;
				CLANG_WARN_DOCUMENTATION_COMMENTS = YES;
				CLANG_WARN_EMPTY_BODY = YES;
				CLANG_WARN_ENUM_CONVERSION = YES;
				CLANG_WARN_INFINITE_RECURSION = YES;
				CLANG_WARN_INT_CONVERSION = YES;
				CLANG_WARN_NON_LITERAL_NULL_CONVERSION = YES;
				CLANG_WARN_OBJC_IMPLICIT_RETAIN_SELF = YES;
				CLANG_WARN_OBJC_LITERAL_CONVERSION = YES;
				CLANG_WARN_OBJC_ROOT_CLASS = YES_ERROR;
				CLANG_WARN_QUOTED_INCLUDE_IN_FRAMEWORK_HEADER = YES;
				CLANG_WARN_RANGE_LOOP_ANALYSIS = YES;
				CLANG_WARN_STRICT_PROTOTYPES = YES;
				CLANG_WARN_SUSPICIOUS_MOVE = YES;
				CLANG_WARN_UNGUARDED_AVAILABILITY = YES_AGGRESSIVE;
				CLANG_WARN_UNREACHABLE_CODE = YES;
				CLANG_WARN__DUPLICATE_METHOD_MATCH = YES;
				COPY_PHASE_STRIP = NO;
				DEBUG_INFORMATION_FORMAT = "dwarf-with-dsym";
				ENABLE_NS_ASSERTIONS = NO;
				ENABLE_STRICT_OBJC_MSGSEND = YES;
				GCC_C_LANGUAGE_STANDARD = gnu11;
				GCC_NO_COMMON_BLOCKS = YES;
				GCC_WARN_64_TO_32_BIT_CONVERSION = YES;
				GCC_WARN_ABOUT_RETURN_TYPE = YES_ERROR;
				GCC_WARN_UNDECLARED_SELECTOR = YES;
				GCC_WARN_UNINITIALIZED_AUTOS = YES_AGGRESSIVE;
				GCC_WARN_UNUSED_FUNCTION = YES;
				GCC_WARN_UNUSED_VARIABLE = YES;
				IPHONEOS_DEPLOYMENT_TARGET = 16.0;
				MTL_ENABLE_DEBUG_INFO = NO;
				MTL_FAST_MATH = YES;
				SDKROOT = iphoneos;
				SWIFT_COMPILATION_MODE = wholemodule;
				SWIFT_OPTIMIZATION_LEVEL = "-O";
				VALIDATE_PRODUCT = YES;
			};
			name = Release;
		};
		4F064C9627F0314300F33E75 /* Debug */ = {
			isa = XCBuildConfiguration;
			buildSettings = {
				ASSETCATALOG_COMPILER_APPICON_NAME = AppIcon;
				ASSETCATALOG_COMPILER_GLOBAL_ACCENT_COLOR_NAME = AccentColor;
				CLANG_ENABLE_MODULES = YES;
				CODE_SIGN_STYLE = Automatic;
				CURRENT_PROJECT_VERSION = 8;
				DEVELOPMENT_TEAM = L3BYPUKWJN;
				GENERATE_INFOPLIST_FILE = YES;
				INFOPLIST_FILE = calculatrice/Info.plist;
				INFOPLIST_KEY_CFBundleDisplayName = Calccis;
				INFOPLIST_KEY_LSApplicationCategoryType = "public.app-category.utilities";
				INFOPLIST_KEY_UIApplicationSupportsIndirectInputEvents = YES;
				INFOPLIST_KEY_UILaunchStoryboardName = LaunchScreen;
				INFOPLIST_KEY_UIRequiresFullScreen = YES;
				INFOPLIST_KEY_UISupportedInterfaceOrientations = "UIInterfaceOrientationPortrait UIInterfaceOrientationPortraitUpsideDown";
				IPHONEOS_DEPLOYMENT_TARGET = 17.6;
				LD_RUNPATH_SEARCH_PATHS = (
					"$(inherited)",
					"@executable_path/Frameworks",
				);
				MARKETING_VERSION = 1.1.0;
				PRODUCT_BUNDLE_IDENTIFIER = com.jukkaa.calculatrice;
				PRODUCT_NAME = "$(TARGET_NAME)";
				SUPPORTED_PLATFORMS = "iphoneos iphonesimulator";
				SUPPORTS_MACCATALYST = NO;
				SUPPORTS_MAC_DESIGNED_FOR_IPHONE_IPAD = NO;
				SWIFT_EMIT_LOC_STRINGS = YES;
				SWIFT_OBJC_BRIDGING_HEADER = "calculatrice/calculatrice-Bridging-Header.h";
				SWIFT_OPTIMIZATION_LEVEL = "-Onone";
				SWIFT_VERSION = 5.0;
				TARGETED_DEVICE_FAMILY = "1,2";
			};
			name = Debug;
		};
		4F064C9727F0314300F33E75 /* Release */ = {
			isa = XCBuildConfiguration;
			buildSettings = {
				ASSETCATALOG_COMPILER_APPICON_NAME = AppIcon;
				ASSETCATALOG_COMPILER_GLOBAL_ACCENT_COLOR_NAME = AccentColor;
				CLANG_ENABLE_MODULES = YES;
				CODE_SIGN_STYLE = Automatic;
				CURRENT_PROJECT_VERSION = 8;
				DEVELOPMENT_TEAM = L3BYPUKWJN;
				GENERATE_INFOPLIST_FILE = YES;
				INFOPLIST_FILE = calculatrice/Info.plist;
				INFOPLIST_KEY_CFBundleDisplayName = Calccis;
				INFOPLIST_KEY_LSApplicationCategoryType = "public.app-category.utilities";
				INFOPLIST_KEY_UIApplicationSupportsIndirectInputEvents = YES;
				INFOPLIST_KEY_UILaunchStoryboardName = LaunchScreen;
				INFOPLIST_KEY_UIRequiresFullScreen = YES;
				INFOPLIST_KEY_UISupportedInterfaceOrientations = "UIInterfaceOrientationPortrait UIInterfaceOrientationPortraitUpsideDown";
				IPHONEOS_DEPLOYMENT_TARGET = 17.6;
				LD_RUNPATH_SEARCH_PATHS = (
					"$(inherited)",
					"@executable_path/Frameworks",
				);
				MARKETING_VERSION = 1.1.0;
				PRODUCT_BUNDLE_IDENTIFIER = com.jukkaa.calculatrice;
				PRODUCT_NAME = "$(TARGET_NAME)";
				SUPPORTED_PLATFORMS = "iphoneos iphonesimulator";
				SUPPORTS_MACCATALYST = NO;
				SUPPORTS_MAC_DESIGNED_FOR_IPHONE_IPAD = NO;
				SWIFT_EMIT_LOC_STRINGS = YES;
				SWIFT_OBJC_BRIDGING_HEADER = "calculatrice/calculatrice-Bridging-Header.h";
				SWIFT_VERSION = 5.0;
				TARGETED_DEVICE_FAMILY = "1,2";
			};
			name = Release;
		};
		4F064C9927F0314300F33E75 /* Debug */ = {
			isa = XCBuildConfiguration;
			buildSettings = {
				ALWAYS_EMBED_SWIFT_STANDARD_LIBRARIES = YES;
				BUNDLE_LOADER = "$(TEST_HOST)";
				CLANG_ENABLE_MODULES = YES;
				CODE_SIGN_STYLE = Automatic;
				CURRENT_PROJECT_VERSION = 1;
				GENERATE_INFOPLIST_FILE = YES;
				IPHONEOS_DEPLOYMENT_TARGET = 17.6;
				MARKETING_VERSION = 1.0;
				PRODUCT_BUNDLE_IDENTIFIER = jukkaa.calculatriceTests;
				PRODUCT_NAME = "$(TARGET_NAME)";
				SWIFT_EMIT_LOC_STRINGS = NO;
				SWIFT_OBJC_BRIDGING_HEADER = "calculatrice/calculatriceTests-Bridging-Header.h";
				SWIFT_OPTIMIZATION_LEVEL = "-Onone";
				SWIFT_VERSION = 5.0;
				TARGETED_DEVICE_FAMILY = "1,2";
				TEST_HOST = "$(BUILT_PRODUCTS_DIR)/calculatrice.app/calculatrice";
			};
			name = Debug;
		};
		4F064C9A27F0314300F33E75 /* Release */ = {
			isa = XCBuildConfiguration;
			buildSettings = {
				ALWAYS_EMBED_SWIFT_STANDARD_LIBRARIES = YES;
				BUNDLE_LOADER = "$(TEST_HOST)";
				CLANG_ENABLE_MODULES = YES;
				CODE_SIGN_STYLE = Automatic;
				CURRENT_PROJECT_VERSION = 1;
				GENERATE_INFOPLIST_FILE = YES;
				IPHONEOS_DEPLOYMENT_TARGET = 17.6;
				MARKETING_VERSION = 1.0;
				PRODUCT_BUNDLE_IDENTIFIER = jukkaa.calculatriceTests;
				PRODUCT_NAME = "$(TARGET_NAME)";
				SWIFT_EMIT_LOC_STRINGS = NO;
				SWIFT_OBJC_BRIDGING_HEADER = "calculatrice/calculatriceTests-Bridging-Header.h";
				SWIFT_VERSION = 5.0;
				TARGETED_DEVICE_FAMILY = "1,2";
				TEST_HOST = "$(BUILT_PRODUCTS_DIR)/calculatrice.app/calculatrice";
			};
			name = Release;
		};
/* End XCBuildConfiguration section */

/* Begin XCConfigurationList section */
		4F064C6627F0314200F33E75 /* Build configuration list for PBXProject "calculatrice" */ = {
			isa = XCConfigurationList;
			buildConfigurations = (
				4F064C9327F0314300F33E75 /* Debug */,
				4F064C9427F0314300F33E75 /* Release */,
			);
			defaultConfigurationIsVisible = 0;
			defaultConfigurationName = Release;
		};
		4F064C9527F0314300F33E75 /* Build configuration list for PBXNativeTarget "calculatrice" */ = {
			isa = XCConfigurationList;
			buildConfigurations = (
				4F064C9627F0314300F33E75 /* Debug */,
				4F064C9727F0314300F33E75 /* Release */,
			);
			defaultConfigurationIsVisible = 0;
			defaultConfigurationName = Release;
		};
		4F064C9827F0314300F33E75 /* Build configuration list for PBXNativeTarget "calculatriceTests" */ = {
			isa = XCConfigurationList;
			buildConfigurations = (
				4F064C9927F0314300F33E75 /* Debug */,
				4F064C9A27F0314300F33E75 /* Release */,
			);
			defaultConfigurationIsVisible = 0;
			defaultConfigurationName = Release;
		};
/* End XCConfigurationList section */
	};
	rootObject = 4F064C6327F0314200F33E75 /* Project object */;
}
