// !$*UTF8*$!
{
	archiveVersion = 1;
	classes = {
	};
	objectVersion = 55;
	objects = {

/* Begin PBXBuildFile section */
		4F064C6F27F0314200F33E75 /* AppDelegate.swift in Sources */ = {isa = PBXBuildFile; fileRef = 4F064C6E27F0314200F33E75 /* AppDelegate.swift */; };
		4F064C7127F0314200F33E75 /* SceneDelegate.swift in Sources */ = {isa = PBXBuildFile; fileRef = 4F064C7027F0314200F33E75 /* SceneDelegate.swift */; };
		4F064C7327F0314200F33E75 /* CalculatorViewController.swift in Sources */ = {isa = PBXBuildFile; fileRef = 4F064C7227F0314200F33E75 /* CalculatorViewController.swift */; };
		4F064C7827F0314300F33E75 /* Assets.xcassets in Resources */ = {isa = PBXBuildFile; fileRef = 4F064C7727F0314300F33E75 /* Assets.xcassets */; };
		4F064C7B27F0314300F33E75 /* LaunchScreen.storyboard in Resources */ = {isa = PBXBuildFile; fileRef = 4F064C7927F0314300F33E75 /* LaunchScreen.storyboard */; };
		4F064C8627F0314300F33E75 /* calculatriceTests.swift in Sources */ = {isa = PBXBuildFile; fileRef = 4F064C8527F0314300F33E75 /* calculatriceTests.swift */; };
		4F064C9027F0314300F33E75 /* calculatriceUITests.swift in Sources */ = {isa = PBXBuildFile; fileRef = 4F064C8F27F0314300F33E75 /* calculatriceUITests.swift */; };
		4F064C9227F0314300F33E75 /* calculatriceUITestsLaunchTests.swift in Sources */ = {isa = PBXBuildFile; fileRef = 4F064C9127F0314300F33E75 /* calculatriceUITestsLaunchTests.swift */; };
		4F256BBC27F20B1400123DA8 /* CalculatedStackValue.swift in Sources */ = {isa = PBXBuildFile; fileRef = 4F256BBB27F20B1400123DA8 /* CalculatedStackValue.swift */; };
		4F256BBD27F20B1400123DA8 /* CalculatedStackValue.swift in Sources */ = {isa = PBXBuildFile; fileRef = 4F256BBB27F20B1400123DA8 /* CalculatedStackValue.swift */; };
		4F256BBE27F20B1400123DA8 /* CalculatedStackValue.swift in Sources */ = {isa = PBXBuildFile; fileRef = 4F256BBB27F20B1400123DA8 /* CalculatedStackValue.swift */; };
		4F256BC127F2113E00123DA8 /* InputDisplay.swift in Sources */ = {isa = PBXBuildFile; fileRef = 4F256BC027F2113E00123DA8 /* InputDisplay.swift */; };
		4F256BC227F2113E00123DA8 /* InputDisplay.swift in Sources */ = {isa = PBXBuildFile; fileRef = 4F256BC027F2113E00123DA8 /* InputDisplay.swift */; };
		4F256BC327F2113E00123DA8 /* InputDisplay.swift in Sources */ = {isa = PBXBuildFile; fileRef = 4F256BC027F2113E00123DA8 /* InputDisplay.swift */; };
		4F256BC527F2214C00123DA8 /* StackDisplay.swift in Sources */ = {isa = PBXBuildFile; fileRef = 4F256BC427F2214C00123DA8 /* StackDisplay.swift */; };
		4F256BC627F2214C00123DA8 /* StackDisplay.swift in Sources */ = {isa = PBXBuildFile; fileRef = 4F256BC427F2214C00123DA8 /* StackDisplay.swift */; };
		4F256BC727F2214C00123DA8 /* StackDisplay.swift in Sources */ = {isa = PBXBuildFile; fileRef = 4F256BC427F2214C00123DA8 /* StackDisplay.swift */; };
		4F256BC927F2238E00123DA8 /* StackRow.swift in Sources */ = {isa = PBXBuildFile; fileRef = 4F256BC827F2238E00123DA8 /* StackRow.swift */; };
		4F256BCA27F2238E00123DA8 /* StackRow.swift in Sources */ = {isa = PBXBuildFile; fileRef = 4F256BC827F2238E00123DA8 /* StackRow.swift */; };
		4F256BCB27F2238E00123DA8 /* StackRow.swift in Sources */ = {isa = PBXBuildFile; fileRef = 4F256BC827F2238E00123DA8 /* StackRow.swift */; };
		4F37925C27F0CEE6007B013E /* KeypadKey.swift in Sources */ = {isa = PBXBuildFile; fileRef = 4F37925B27F0CEE6007B013E /* KeypadKey.swift */; };
		4F37925D27F0CEE6007B013E /* KeypadKey.swift in Sources */ = {isa = PBXBuildFile; fileRef = 4F37925B27F0CEE6007B013E /* KeypadKey.swift */; };
		4F37925E27F0CEE6007B013E /* KeypadKey.swift in Sources */ = {isa = PBXBuildFile; fileRef = 4F37925B27F0CEE6007B013E /* KeypadKey.swift */; };
		4F37926127F0D05C007B013E /* Extensions.swift in Sources */ = {isa = PBXBuildFile; fileRef = 4F37926027F0D05C007B013E /* Extensions.swift */; };
		4F37926227F0D05C007B013E /* Extensions.swift in Sources */ = {isa = PBXBuildFile; fileRef = 4F37926027F0D05C007B013E /* Extensions.swift */; };
		4F37926327F0D05C007B013E /* Extensions.swift in Sources */ = {isa = PBXBuildFile; fileRef = 4F37926027F0D05C007B013E /* Extensions.swift */; };
		4FBFC06E27F32F7600DAB444 /* CalculatorMode.swift in Sources */ = {isa = PBXBuildFile; fileRef = 4FBFC06D27F32F7600DAB444 /* CalculatorMode.swift */; };
		4FBFC06F27F32F7600DAB444 /* CalculatorMode.swift in Sources */ = {isa = PBXBuildFile; fileRef = 4FBFC06D27F32F7600DAB444 /* CalculatorMode.swift */; };
		4FBFC07027F32F7600DAB444 /* CalculatorMode.swift in Sources */ = {isa = PBXBuildFile; fileRef = 4FBFC06D27F32F7600DAB444 /* CalculatorMode.swift */; };
		4FC1C0B127F1D55A00794D9E /* MathOps.swift in Sources */ = {isa = PBXBuildFile; fileRef = 4FC1C0B027F1D55A00794D9E /* MathOps.swift */; };
		4FC1C0B227F1D55A00794D9E /* MathOps.swift in Sources */ = {isa = PBXBuildFile; fileRef = 4FC1C0B027F1D55A00794D9E /* MathOps.swift */; };
		4FC1C0B327F1D55A00794D9E /* MathOps.swift in Sources */ = {isa = PBXBuildFile; fileRef = 4FC1C0B027F1D55A00794D9E /* MathOps.swift */; };
		4FCA884A27F37B3D00E95424 /* Styles.swift in Sources */ = {isa = PBXBuildFile; fileRef = 4FCA884927F37B3D00E95424 /* Styles.swift */; };
		4FCA884B27F37B3D00E95424 /* Styles.swift in Sources */ = {isa = PBXBuildFile; fileRef = 4FCA884927F37B3D00E95424 /* Styles.swift */; };
		4FCA884C27F37B3D00E95424 /* Styles.swift in Sources */ = {isa = PBXBuildFile; fileRef = 4FCA884927F37B3D00E95424 /* Styles.swift */; };
		4FCD9FC2299E14CA001DA3DD /* Display.swift in Sources */ = {isa = PBXBuildFile; fileRef = 4FCD9FC1299E14CA001DA3DD /* Display.swift */; };
		4FCD9FC3299E14CA001DA3DD /* Display.swift in Sources */ = {isa = PBXBuildFile; fileRef = 4FCD9FC1299E14CA001DA3DD /* Display.swift */; };
		4FCD9FC4299E14CA001DA3DD /* Display.swift in Sources */ = {isa = PBXBuildFile; fileRef = 4FCD9FC1299E14CA001DA3DD /* Display.swift */; };
		4FCD9FC6299E3279001DA3DD /* StatusRow.swift in Sources */ = {isa = PBXBuildFile; fileRef = 4FCD9FC5299E3279001DA3DD /* StatusRow.swift */; };
		4FCD9FC7299E3279001DA3DD /* StatusRow.swift in Sources */ = {isa = PBXBuildFile; fileRef = 4FCD9FC5299E3279001DA3DD /* StatusRow.swift */; };
		4FCD9FC8299E3279001DA3DD /* StatusRow.swift in Sources */ = {isa = PBXBuildFile; fileRef = 4FCD9FC5299E3279001DA3DD /* StatusRow.swift */; };
		4FD352E327F0B0980073534E /* KeypadModel.swift in Sources */ = {isa = PBXBuildFile; fileRef = 4FD352E227F0B0980073534E /* KeypadModel.swift */; };
		4FD352E427F0B0980073534E /* KeypadModel.swift in Sources */ = {isa = PBXBuildFile; fileRef = 4FD352E227F0B0980073534E /* KeypadModel.swift */; };
		4FD352E527F0B0980073534E /* KeypadModel.swift in Sources */ = {isa = PBXBuildFile; fileRef = 4FD352E227F0B0980073534E /* KeypadModel.swift */; };
		4FD352E827F0B1C90073534E /* Stack.swift in Sources */ = {isa = PBXBuildFile; fileRef = 4FD352E727F0B1C90073534E /* Stack.swift */; };
		4FD352E927F0B1C90073534E /* Stack.swift in Sources */ = {isa = PBXBuildFile; fileRef = 4FD352E727F0B1C90073534E /* Stack.swift */; };
		4FD352EA27F0B1C90073534E /* Stack.swift in Sources */ = {isa = PBXBuildFile; fileRef = 4FD352E727F0B1C90073534E /* Stack.swift */; };
		4FD352EC27F0B5120073534E /* InputBuffer.swift in Sources */ = {isa = PBXBuildFile; fileRef = 4FD352EB27F0B5120073534E /* InputBuffer.swift */; };
		4FD352ED27F0B5120073534E /* InputBuffer.swift in Sources */ = {isa = PBXBuildFile; fileRef = 4FD352EB27F0B5120073534E /* InputBuffer.swift */; };
		4FD352EE27F0B5120073534E /* InputBuffer.swift in Sources */ = {isa = PBXBuildFile; fileRef = 4FD352EB27F0B5120073534E /* InputBuffer.swift */; };
		4FD352F027F0B7570073534E /* KeypadView.swift in Sources */ = {isa = PBXBuildFile; fileRef = 4FD352EF27F0B7570073534E /* KeypadView.swift */; };
		4FD352F127F0B7570073534E /* KeypadView.swift in Sources */ = {isa = PBXBuildFile; fileRef = 4FD352EF27F0B7570073534E /* KeypadView.swift */; };
		4FD352F227F0B7570073534E /* KeypadView.swift in Sources */ = {isa = PBXBuildFile; fileRef = 4FD352EF27F0B7570073534E /* KeypadView.swift */; };
		710A81D8C1D408850A6CF2B8 /* libPods-calculatrice.a in Frameworks */ = {isa = PBXBuildFile; fileRef = 7EB13BA0C58089E6A9F247DB /* libPods-calculatrice.a */; };
/* End PBXBuildFile section */

/* Begin PBXContainerItemProxy section */
		4F064C8227F0314300F33E75 /* PBXContainerItemProxy */ = {
			isa = PBXContainerItemProxy;
			containerPortal = 4F064C6327F0314200F33E75 /* Project object */;
			proxyType = 1;
			remoteGlobalIDString = 4F064C6A27F0314200F33E75;
			remoteInfo = calculatrice;
		};
		4F064C8C27F0314300F33E75 /* PBXContainerItemProxy */ = {
			isa = PBXContainerItemProxy;
			containerPortal = 4F064C6327F0314200F33E75 /* Project object */;
			proxyType = 1;
			remoteGlobalIDString = 4F064C6A27F0314200F33E75;
			remoteInfo = calculatrice;
		};
/* End PBXContainerItemProxy section */

/* Begin PBXFileReference section */
		0CA50C9CF5E77C4775CC2534 /* Pods-calculatrice.release.xcconfig */ = {isa = PBXFileReference; includeInIndex = 1; lastKnownFileType = text.xcconfig; name = "Pods-calculatrice.release.xcconfig"; path = "Target Support Files/Pods-calculatrice/Pods-calculatrice.release.xcconfig"; sourceTree = "<group>"; };
		3EC05914772329711DB8EA14 /* Pods-calculatrice.debug.xcconfig */ = {isa = PBXFileReference; includeInIndex = 1; lastKnownFileType = text.xcconfig; name = "Pods-calculatrice.debug.xcconfig"; path = "Target Support Files/Pods-calculatrice/Pods-calculatrice.debug.xcconfig"; sourceTree = "<group>"; };
		4F064C6B27F0314200F33E75 /* calculatrice.app */ = {isa = PBXFileReference; explicitFileType = wrapper.application; includeInIndex = 0; path = calculatrice.app; sourceTree = BUILT_PRODUCTS_DIR; };
		4F064C6E27F0314200F33E75 /* AppDelegate.swift */ = {isa = PBXFileReference; lastKnownFileType = sourcecode.swift; path = AppDelegate.swift; sourceTree = "<group>"; };
		4F064C7027F0314200F33E75 /* SceneDelegate.swift */ = {isa = PBXFileReference; lastKnownFileType = sourcecode.swift; path = SceneDelegate.swift; sourceTree = "<group>"; };
		4F064C7227F0314200F33E75 /* CalculatorViewController.swift */ = {isa = PBXFileReference; lastKnownFileType = sourcecode.swift; path = CalculatorViewController.swift; sourceTree = "<group>"; };
		4F064C7727F0314300F33E75 /* Assets.xcassets */ = {isa = PBXFileReference; lastKnownFileType = folder.assetcatalog; path = Assets.xcassets; sourceTree = "<group>"; };
		4F064C7A27F0314300F33E75 /* Base */ = {isa = PBXFileReference; lastKnownFileType = file.storyboard; name = Base; path = Base.lproj/LaunchScreen.storyboard; sourceTree = "<group>"; };
		4F064C7C27F0314300F33E75 /* Info.plist */ = {isa = PBXFileReference; lastKnownFileType = text.plist.xml; path = Info.plist; sourceTree = "<group>"; };
		4F064C8127F0314300F33E75 /* calculatriceTests.xctest */ = {isa = PBXFileReference; explicitFileType = wrapper.cfbundle; includeInIndex = 0; path = calculatriceTests.xctest; sourceTree = BUILT_PRODUCTS_DIR; };
		4F064C8527F0314300F33E75 /* calculatriceTests.swift */ = {isa = PBXFileReference; lastKnownFileType = sourcecode.swift; path = calculatriceTests.swift; sourceTree = "<group>"; };
		4F064C8B27F0314300F33E75 /* calculatriceUITests.xctest */ = {isa = PBXFileReference; explicitFileType = wrapper.cfbundle; includeInIndex = 0; path = calculatriceUITests.xctest; sourceTree = BUILT_PRODUCTS_DIR; };
		4F064C8F27F0314300F33E75 /* calculatriceUITests.swift */ = {isa = PBXFileReference; lastKnownFileType = sourcecode.swift; path = calculatriceUITests.swift; sourceTree = "<group>"; };
		4F064C9127F0314300F33E75 /* calculatriceUITestsLaunchTests.swift */ = {isa = PBXFileReference; lastKnownFileType = sourcecode.swift; path = calculatriceUITestsLaunchTests.swift; sourceTree = "<group>"; };
		4F256BBB27F20B1400123DA8 /* CalculatedStackValue.swift */ = {isa = PBXFileReference; lastKnownFileType = sourcecode.swift; path = CalculatedStackValue.swift; sourceTree = "<group>"; };
		4F256BC027F2113E00123DA8 /* InputDisplay.swift */ = {isa = PBXFileReference; lastKnownFileType = sourcecode.swift; path = InputDisplay.swift; sourceTree = "<group>"; };
		4F256BC427F2214C00123DA8 /* StackDisplay.swift */ = {isa = PBXFileReference; lastKnownFileType = sourcecode.swift; path = StackDisplay.swift; sourceTree = "<group>"; };
		4F256BC827F2238E00123DA8 /* StackRow.swift */ = {isa = PBXFileReference; lastKnownFileType = sourcecode.swift; path = StackRow.swift; sourceTree = "<group>"; };
		4F37925B27F0CEE6007B013E /* KeypadKey.swift */ = {isa = PBXFileReference; lastKnownFileType = sourcecode.swift; path = KeypadKey.swift; sourceTree = "<group>"; };
		4F37926027F0D05C007B013E /* Extensions.swift */ = {isa = PBXFileReference; lastKnownFileType = sourcecode.swift; path = Extensions.swift; sourceTree = "<group>"; };
		4FBFC06D27F32F7600DAB444 /* CalculatorMode.swift */ = {isa = PBXFileReference; lastKnownFileType = sourcecode.swift; path = CalculatorMode.swift; sourceTree = "<group>"; };
		4FC1C0B027F1D55A00794D9E /* MathOps.swift */ = {isa = PBXFileReference; lastKnownFileType = sourcecode.swift; path = MathOps.swift; sourceTree = "<group>"; };
		4FCA884927F37B3D00E95424 /* Styles.swift */ = {isa = PBXFileReference; lastKnownFileType = sourcecode.swift; path = Styles.swift; sourceTree = "<group>"; };
		4FCD9FC1299E14CA001DA3DD /* Display.swift */ = {isa = PBXFileReference; lastKnownFileType = sourcecode.swift; path = Display.swift; sourceTree = "<group>"; };
		4FCD9FC5299E3279001DA3DD /* StatusRow.swift */ = {isa = PBXFileReference; lastKnownFileType = sourcecode.swift; path = StatusRow.swift; sourceTree = "<group>"; };
		4FD352E227F0B0980073534E /* KeypadModel.swift */ = {isa = PBXFileReference; lastKnownFileType = sourcecode.swift; path = KeypadModel.swift; sourceTree = "<group>"; };
		4FD352E727F0B1C90073534E /* Stack.swift */ = {isa = PBXFileReference; lastKnownFileType = sourcecode.swift; path = Stack.swift; sourceTree = "<group>"; };
		4FD352EB27F0B5120073534E /* InputBuffer.swift */ = {isa = PBXFileReference; lastKnownFileType = sourcecode.swift; path = InputBuffer.swift; sourceTree = "<group>"; };
		4FD352EF27F0B7570073534E /* KeypadView.swift */ = {isa = PBXFileReference; lastKnownFileType = sourcecode.swift; path = KeypadView.swift; sourceTree = "<group>"; };
		7EB13BA0C58089E6A9F247DB /* libPods-calculatrice.a */ = {isa = PBXFileReference; explicitFileType = archive.ar; includeInIndex = 0; path = "libPods-calculatrice.a"; sourceTree = BUILT_PRODUCTS_DIR; };
/* End PBXFileReference section */

/* Begin PBXFrameworksBuildPhase section */
		4F064C6827F0314200F33E75 /* Frameworks */ = {
			isa = PBXFrameworksBuildPhase;
			buildActionMask = 2147483647;
			files = (
				710A81D8C1D408850A6CF2B8 /* libPods-calculatrice.a in Frameworks */,
			);
			runOnlyForDeploymentPostprocessing = 0;
		};
		4F064C7E27F0314300F33E75 /* Frameworks */ = {
			isa = PBXFrameworksBuildPhase;
			buildActionMask = 2147483647;
			files = (
			);
			runOnlyForDeploymentPostprocessing = 0;
		};
		4F064C8827F0314300F33E75 /* Frameworks */ = {
			isa = PBXFrameworksBuildPhase;
			buildActionMask = 2147483647;
			files = (
			);
			runOnlyForDeploymentPostprocessing = 0;
		};
/* End PBXFrameworksBuildPhase section */

/* Begin PBXGroup section */
		3FCFD6B390FA1CC1FEFDA08F /* Frameworks */ = {
			isa = PBXGroup;
			children = (
				7EB13BA0C58089E6A9F247DB /* libPods-calculatrice.a */,
			);
			name = Frameworks;
			sourceTree = "<group>";
		};
		4F064C6227F0314200F33E75 = {
			isa = PBXGroup;
			children = (
				4F064C6D27F0314200F33E75 /* calculatrice */,
				4F064C8427F0314300F33E75 /* calculatriceTests */,
				4F064C8E27F0314300F33E75 /* calculatriceUITests */,
				4F064C6C27F0314200F33E75 /* Products */,
				AFDF8D1DBBA3E29B157EF185 /* Pods */,
				3FCFD6B390FA1CC1FEFDA08F /* Frameworks */,
			);
			sourceTree = "<group>";
		};
		4F064C6C27F0314200F33E75 /* Products */ = {
			isa = PBXGroup;
			children = (
				4F064C6B27F0314200F33E75 /* calculatrice.app */,
				4F064C8127F0314300F33E75 /* calculatriceTests.xctest */,
				4F064C8B27F0314300F33E75 /* calculatriceUITests.xctest */,
			);
			name = Products;
			sourceTree = "<group>";
		};
		4F064C6D27F0314200F33E75 /* calculatrice */ = {
			isa = PBXGroup;
			children = (
				4F256BBF27F2112600123DA8 /* display */,
				4FC1C0AF27F1D52B00794D9E /* math */,
				4F37925F27F0D04D007B013E /* utils */,
				4FD352E627F0B1B90073534E /* stack */,
				4FD352E127F0B07C0073534E /* keypad */,
				4F064C6E27F0314200F33E75 /* AppDelegate.swift */,
				4F064C7027F0314200F33E75 /* SceneDelegate.swift */,
				4F064C7227F0314200F33E75 /* CalculatorViewController.swift */,
				4F064C7727F0314300F33E75 /* Assets.xcassets */,
				4F064C7927F0314300F33E75 /* LaunchScreen.storyboard */,
				4F064C7C27F0314300F33E75 /* Info.plist */,
			);
			path = calculatrice;
			sourceTree = "<group>";
		};
		4F064C8427F0314300F33E75 /* calculatriceTests */ = {
			isa = PBXGroup;
			children = (
				4F064C8527F0314300F33E75 /* calculatriceTests.swift */,
			);
			path = calculatriceTests;
			sourceTree = "<group>";
		};
		4F064C8E27F0314300F33E75 /* calculatriceUITests */ = {
			isa = PBXGroup;
			children = (
				4F064C8F27F0314300F33E75 /* calculatriceUITests.swift */,
				4F064C9127F0314300F33E75 /* calculatriceUITestsLaunchTests.swift */,
			);
			path = calculatriceUITests;
			sourceTree = "<group>";
		};
		4F256BBF27F2112600123DA8 /* display */ = {
			isa = PBXGroup;
			children = (
				4F256BC027F2113E00123DA8 /* InputDisplay.swift */,
				4F256BC427F2214C00123DA8 /* StackDisplay.swift */,
				4F256BC827F2238E00123DA8 /* StackRow.swift */,
				4FCD9FC1299E14CA001DA3DD /* Display.swift */,
				4FCD9FC5299E3279001DA3DD /* StatusRow.swift */,
			);
			path = display;
			sourceTree = "<group>";
		};
		4F37925F27F0D04D007B013E /* utils */ = {
			isa = PBXGroup;
			children = (
				4F37926027F0D05C007B013E /* Extensions.swift */,
				4FCA884927F37B3D00E95424 /* Styles.swift */,
			);
			path = utils;
			sourceTree = "<group>";
		};
		4FC1C0AF27F1D52B00794D9E /* math */ = {
			isa = PBXGroup;
			children = (
				4FC1C0B027F1D55A00794D9E /* MathOps.swift */,
				4F256BBB27F20B1400123DA8 /* CalculatedStackValue.swift */,
				4FBFC06D27F32F7600DAB444 /* CalculatorMode.swift */,
			);
			path = math;
			sourceTree = "<group>";
		};
		4FD352E127F0B07C0073534E /* keypad */ = {
			isa = PBXGroup;
			children = (
				4FD352E227F0B0980073534E /* KeypadModel.swift */,
				4FD352EF27F0B7570073534E /* KeypadView.swift */,
				4F37925B27F0CEE6007B013E /* KeypadKey.swift */,
			);
			path = keypad;
			sourceTree = "<group>";
		};
		4FD352E627F0B1B90073534E /* stack */ = {
			isa = PBXGroup;
			children = (
				4FD352E727F0B1C90073534E /* Stack.swift */,
				4FD352EB27F0B5120073534E /* InputBuffer.swift */,
			);
			path = stack;
			sourceTree = "<group>";
		};
		AFDF8D1DBBA3E29B157EF185 /* Pods */ = {
			isa = PBXGroup;
			children = (
				3EC05914772329711DB8EA14 /* Pods-calculatrice.debug.xcconfig */,
				0CA50C9CF5E77C4775CC2534 /* Pods-calculatrice.release.xcconfig */,
			);
			path = Pods;
			sourceTree = "<group>";
		};
/* End PBXGroup section */

/* Begin PBXNativeTarget section */
		4F064C6A27F0314200F33E75 /* calculatrice */ = {
			isa = PBXNativeTarget;
			buildConfigurationList = 4F064C9527F0314300F33E75 /* Build configuration list for PBXNativeTarget "calculatrice" */;
			buildPhases = (
				44CB166823CA32A355EFAD4D /* [CP] Check Pods Manifest.lock */,
				4F86658B27F18BE0002B550B /* Run Lint with autocorrect */,
				4F064C6727F0314200F33E75 /* Sources */,
				4F064C6827F0314200F33E75 /* Frameworks */,
				4F064C6927F0314200F33E75 /* Resources */,
			);
			buildRules = (
			);
			dependencies = (
			);
			name = calculatrice;
			productName = calculatrice;
			productReference = 4F064C6B27F0314200F33E75 /* calculatrice.app */;
			productType = "com.apple.product-type.application";
		};
		4F064C8027F0314300F33E75 /* calculatriceTests */ = {
			isa = PBXNativeTarget;
			buildConfigurationList = 4F064C9827F0314300F33E75 /* Build configuration list for PBXNativeTarget "calculatriceTests" */;
			buildPhases = (
				4F064C7D27F0314300F33E75 /* Sources */,
				4F064C7E27F0314300F33E75 /* Frameworks */,
				4F064C7F27F0314300F33E75 /* Resources */,
			);
			buildRules = (
			);
			dependencies = (
				4F064C8327F0314300F33E75 /* PBXTargetDependency */,
			);
			name = calculatriceTests;
			productName = calculatriceTests;
			productReference = 4F064C8127F0314300F33E75 /* calculatriceTests.xctest */;
			productType = "com.apple.product-type.bundle.unit-test";
		};
		4F064C8A27F0314300F33E75 /* calculatriceUITests */ = {
			isa = PBXNativeTarget;
			buildConfigurationList = 4F064C9B27F0314300F33E75 /* Build configuration list for PBXNativeTarget "calculatriceUITests" */;
			buildPhases = (
				4F064C8727F0314300F33E75 /* Sources */,
				4F064C8827F0314300F33E75 /* Frameworks */,
				4F064C8927F0314300F33E75 /* Resources */,
			);
			buildRules = (
			);
			dependencies = (
				4F064C8D27F0314300F33E75 /* PBXTargetDependency */,
			);
			name = calculatriceUITests;
			productName = calculatriceUITests;
			productReference = 4F064C8B27F0314300F33E75 /* calculatriceUITests.xctest */;
			productType = "com.apple.product-type.bundle.ui-testing";
		};
/* End PBXNativeTarget section */

/* Begin PBXProject section */
		4F064C6327F0314200F33E75 /* Project object */ = {
			isa = PBXProject;
			attributes = {
				BuildIndependentTargetsInParallel = 1;
				LastSwiftUpdateCheck = 1330;
				LastUpgradeCheck = 1330;
				TargetAttributes = {
					4F064C6A27F0314200F33E75 = {
						CreatedOnToolsVersion = 13.3;
					};
					4F064C8027F0314300F33E75 = {
						CreatedOnToolsVersion = 13.3;
						TestTargetID = 4F064C6A27F0314200F33E75;
					};
					4F064C8A27F0314300F33E75 = {
						CreatedOnToolsVersion = 13.3;
						TestTargetID = 4F064C6A27F0314200F33E75;
					};
				};
			};
			buildConfigurationList = 4F064C6627F0314200F33E75 /* Build configuration list for PBXProject "calculatrice" */;
			compatibilityVersion = "Xcode 13.0";
			developmentRegion = en;
			hasScannedForEncodings = 0;
			knownRegions = (
				en,
				Base,
			);
			mainGroup = 4F064C6227F0314200F33E75;
			productRefGroup = 4F064C6C27F0314200F33E75 /* Products */;
			projectDirPath = "";
			projectRoot = "";
			targets = (
				4F064C6A27F0314200F33E75 /* calculatrice */,
				4F064C8027F0314300F33E75 /* calculatriceTests */,
				4F064C8A27F0314300F33E75 /* calculatriceUITests */,
			);
		};
/* End PBXProject section */

/* Begin PBXResourcesBuildPhase section */
		4F064C6927F0314200F33E75 /* Resources */ = {
			isa = PBXResourcesBuildPhase;
			buildActionMask = 2147483647;
			files = (
				4F064C7B27F0314300F33E75 /* LaunchScreen.storyboard in Resources */,
				4F064C7827F0314300F33E75 /* Assets.xcassets in Resources */,
			);
			runOnlyForDeploymentPostprocessing = 0;
		};
		4F064C7F27F0314300F33E75 /* Resources */ = {
			isa = PBXResourcesBuildPhase;
			buildActionMask = 2147483647;
			files = (
			);
			runOnlyForDeploymentPostprocessing = 0;
		};
		4F064C8927F0314300F33E75 /* Resources */ = {
			isa = PBXResourcesBuildPhase;
			buildActionMask = 2147483647;
			files = (
			);
			runOnlyForDeploymentPostprocessing = 0;
		};
/* End PBXResourcesBuildPhase section */

/* Begin PBXShellScriptBuildPhase section */
		44CB166823CA32A355EFAD4D /* [CP] Check Pods Manifest.lock */ = {
			isa = PBXShellScriptBuildPhase;
			buildActionMask = 2147483647;
			files = (
			);
			inputFileListPaths = (
			);
			inputPaths = (
				"${PODS_PODFILE_DIR_PATH}/Podfile.lock",
				"${PODS_ROOT}/Manifest.lock",
			);
			name = "[CP] Check Pods Manifest.lock";
			outputFileListPaths = (
			);
			outputPaths = (
				"$(DERIVED_FILE_DIR)/Pods-calculatrice-checkManifestLockResult.txt",
			);
			runOnlyForDeploymentPostprocessing = 0;
			shellPath = /bin/sh;
			shellScript = "diff \"${PODS_PODFILE_DIR_PATH}/Podfile.lock\" \"${PODS_ROOT}/Manifest.lock\" > /dev/null\nif [ $? != 0 ] ; then\n    # print error to STDERR\n    echo \"error: The sandbox is not in sync with the Podfile.lock. Run 'pod install' or update your CocoaPods installation.\" >&2\n    exit 1\nfi\n# This output is used by Xcode 'outputs' to avoid re-running this script phase.\necho \"SUCCESS\" > \"${SCRIPT_OUTPUT_FILE_0}\"\n";
			showEnvVarsInLog = 0;
		};
		4F86658B27F18BE0002B550B /* Run Lint with autocorrect */ = {
			isa = PBXShellScriptBuildPhase;
			alwaysOutOfDate = 1;
			buildActionMask = 2147483647;
			files = (
			);
			inputFileListPaths = (
			);
			inputPaths = (
			);
			name = "Run Lint with autocorrect";
			outputFileListPaths = (
			);
			outputPaths = (
			);
			runOnlyForDeploymentPostprocessing = 0;
			shellPath = /bin/sh;
			shellScript = "${PODS_ROOT}/SwiftLint/swiftlint --fix\n";
		};
/* End PBXShellScriptBuildPhase section */

/* Begin PBXSourcesBuildPhase section */
		4F064C6727F0314200F33E75 /* Sources */ = {
			isa = PBXSourcesBuildPhase;
			buildActionMask = 2147483647;
			files = (
				4F064C7327F0314200F33E75 /* CalculatorViewController.swift in Sources */,
				4F37926127F0D05C007B013E /* Extensions.swift in Sources */,
				4FCD9FC6299E3279001DA3DD /* StatusRow.swift in Sources */,
				4F37925C27F0CEE6007B013E /* KeypadKey.swift in Sources */,
				4FD352F027F0B7570073534E /* KeypadView.swift in Sources */,
				4FD352E827F0B1C90073534E /* Stack.swift in Sources */,
				4F064C6F27F0314200F33E75 /* AppDelegate.swift in Sources */,
				4FC1C0B127F1D55A00794D9E /* MathOps.swift in Sources */,
				4F256BBC27F20B1400123DA8 /* CalculatedStackValue.swift in Sources */,
				4FBFC06E27F32F7600DAB444 /* CalculatorMode.swift in Sources */,
				4F064C7127F0314200F33E75 /* SceneDelegate.swift in Sources */,
				4F256BC127F2113E00123DA8 /* InputDisplay.swift in Sources */,
				4FCD9FC2299E14CA001DA3DD /* Display.swift in Sources */,
				4FCA884A27F37B3D00E95424 /* Styles.swift in Sources */,
				4FD352EC27F0B5120073534E /* InputBuffer.swift in Sources */,
				4FD352E327F0B0980073534E /* KeypadModel.swift in Sources */,
				4F256BC527F2214C00123DA8 /* StackDisplay.swift in Sources */,
				4F256BC927F2238E00123DA8 /* StackRow.swift in Sources */,
			);
			runOnlyForDeploymentPostprocessing = 0;
		};
		4F064C7D27F0314300F33E75 /* Sources */ = {
			isa = PBXSourcesBuildPhase;
			buildActionMask = 2147483647;
			files = (
				4F256BC627F2214C00123DA8 /* StackDisplay.swift in Sources */,
				4FCA884B27F37B3D00E95424 /* Styles.swift in Sources */,
				4F064C8627F0314300F33E75 /* calculatriceTests.swift in Sources */,
				4FD352F127F0B7570073534E /* KeypadView.swift in Sources */,
				4FD352E927F0B1C90073534E /* Stack.swift in Sources */,
				4FD352ED27F0B5120073534E /* InputBuffer.swift in Sources */,
				4FCD9FC7299E3279001DA3DD /* StatusRow.swift in Sources */,
				4FC1C0B227F1D55A00794D9E /* MathOps.swift in Sources */,
				4FBFC06F27F32F7600DAB444 /* CalculatorMode.swift in Sources */,
				4F256BC227F2113E00123DA8 /* InputDisplay.swift in Sources */,
				4FD352E427F0B0980073534E /* KeypadModel.swift in Sources */,
				4FCD9FC3299E14CA001DA3DD /* Display.swift in Sources */,
				4F37925D27F0CEE6007B013E /* KeypadKey.swift in Sources */,
				4F37926227F0D05C007B013E /* Extensions.swift in Sources */,
				4F256BBD27F20B1400123DA8 /* CalculatedStackValue.swift in Sources */,
				4F256BCA27F2238E00123DA8 /* StackRow.swift in Sources */,
			);
			runOnlyForDeploymentPostprocessing = 0;
		};
		4F064C8727F0314300F33E75 /* Sources */ = {
			isa = PBXSourcesBuildPhase;
			buildActionMask = 2147483647;
			files = (
				4FD352EE27F0B5120073534E /* InputBuffer.swift in Sources */,
				4F256BC727F2214C00123DA8 /* StackDisplay.swift in Sources */,
				4FCD9FC8299E3279001DA3DD /* StatusRow.swift in Sources */,
				4FBFC07027F32F7600DAB444 /* CalculatorMode.swift in Sources */,
				4FD352EA27F0B1C90073534E /* Stack.swift in Sources */,
				4F37925E27F0CEE6007B013E /* KeypadKey.swift in Sources */,
				4F37926327F0D05C007B013E /* Extensions.swift in Sources */,
				4FCA884C27F37B3D00E95424 /* Styles.swift in Sources */,
				4F256BCB27F2238E00123DA8 /* StackRow.swift in Sources */,
				4FC1C0B327F1D55A00794D9E /* MathOps.swift in Sources */,
				4FD352F227F0B7570073534E /* KeypadView.swift in Sources */,
				4F256BC327F2113E00123DA8 /* InputDisplay.swift in Sources */,
				4F064C9227F0314300F33E75 /* calculatriceUITestsLaunchTests.swift in Sources */,
				4FD352E527F0B0980073534E /* KeypadModel.swift in Sources */,
				4F256BBE27F20B1400123DA8 /* CalculatedStackValue.swift in Sources */,
				4FCD9FC4299E14CA001DA3DD /* Display.swift in Sources */,
				4F064C9027F0314300F33E75 /* calculatriceUITests.swift in Sources */,
			);
			runOnlyForDeploymentPostprocessing = 0;
		};
/* End PBXSourcesBuildPhase section */

/* Begin PBXTargetDependency section */
		4F064C8327F0314300F33E75 /* PBXTargetDependency */ = {
			isa = PBXTargetDependency;
			target = 4F064C6A27F0314200F33E75 /* calculatrice */;
			targetProxy = 4F064C8227F0314300F33E75 /* PBXContainerItemProxy */;
		};
		4F064C8D27F0314300F33E75 /* PBXTargetDependency */ = {
			isa = PBXTargetDependency;
			target = 4F064C6A27F0314200F33E75 /* calculatrice */;
			targetProxy = 4F064C8C27F0314300F33E75 /* PBXContainerItemProxy */;
		};
/* End PBXTargetDependency section */

/* Begin PBXVariantGroup section */
		4F064C7927F0314300F33E75 /* LaunchScreen.storyboard */ = {
			isa = PBXVariantGroup;
			children = (
				4F064C7A27F0314300F33E75 /* Base */,
			);
			name = LaunchScreen.storyboard;
			sourceTree = "<group>";
		};
/* End PBXVariantGroup section */

/* Begin XCBuildConfiguration section */
		4F064C9327F0314300F33E75 /* Debug */ = {
			isa = XCBuildConfiguration;
			buildSettings = {
				ALWAYS_SEARCH_USER_PATHS = NO;
				CLANG_ANALYZER_NONNULL = YES;
				CLANG_ANALYZER_NUMBER_OBJECT_CONVERSION = YES_AGGRESSIVE;
				CLANG_CXX_LANGUAGE_STANDARD = "gnu++17";
				CLANG_ENABLE_MODULES = YES;
				CLANG_ENABLE_OBJC_ARC = YES;
				CLANG_ENABLE_OBJC_WEAK = YES;
				CLANG_WARN_BLOCK_CAPTURE_AUTORELEASING = YES;
				CLANG_WARN_BOOL_CONVERSION = YES;
				CLANG_WARN_COMMA = YES;
				CLANG_WARN_CONSTANT_CONVERSION = YES;
				CLANG_WARN_DEPRECATED_OBJC_IMPLEMENTATIONS = YES;
				CLANG_WARN_DIRECT_OBJC_ISA_USAGE = YES_ERROR;
				CLANG_WARN_DOCUMENTATION_COMMENTS = YES;
				CLANG_WARN_EMPTY_BODY = YES;
				CLANG_WARN_ENUM_CONVERSION = YES;
				CLANG_WARN_INFINITE_RECURSION = YES;
				CLANG_WARN_INT_CONVERSION = YES;
				CLANG_WARN_NON_LITERAL_NULL_CONVERSION = YES;
				CLANG_WARN_OBJC_IMPLICIT_RETAIN_SELF = YES;
				CLANG_WARN_OBJC_LITERAL_CONVERSION = YES;
				CLANG_WARN_OBJC_ROOT_CLASS = YES_ERROR;
				CLANG_WARN_QUOTED_INCLUDE_IN_FRAMEWORK_HEADER = YES;
				CLANG_WARN_RANGE_LOOP_ANALYSIS = YES;
				CLANG_WARN_STRICT_PROTOTYPES = YES;
				CLANG_WARN_SUSPICIOUS_MOVE = YES;
				CLANG_WARN_UNGUARDED_AVAILABILITY = YES_AGGRESSIVE;
				CLANG_WARN_UNREACHABLE_CODE = YES;
				CLANG_WARN__DUPLICATE_METHOD_MATCH = YES;
				COPY_PHASE_STRIP = NO;
				DEBUG_INFORMATION_FORMAT = dwarf;
				ENABLE_STRICT_OBJC_MSGSEND = YES;
				ENABLE_TESTABILITY = YES;
				GCC_C_LANGUAGE_STANDARD = gnu11;
				GCC_DYNAMIC_NO_PIC = NO;
				GCC_NO_COMMON_BLOCKS = YES;
				GCC_OPTIMIZATION_LEVEL = 0;
				GCC_PREPROCESSOR_DEFINITIONS = (
					"DEBUG=1",
					"$(inherited)",
				);
				GCC_WARN_64_TO_32_BIT_CONVERSION = YES;
				GCC_WARN_ABOUT_RETURN_TYPE = YES_ERROR;
				GCC_WARN_UNDECLARED_SELECTOR = YES;
				GCC_WARN_UNINITIALIZED_AUTOS = YES_AGGRESSIVE;
				GCC_WARN_UNUSED_FUNCTION = YES;
				GCC_WARN_UNUSED_VARIABLE = YES;
				IPHONEOS_DEPLOYMENT_TARGET = 15.4;
				MTL_ENABLE_DEBUG_INFO = INCLUDE_SOURCE;
				MTL_FAST_MATH = YES;
				ONLY_ACTIVE_ARCH = YES;
				SDKROOT = iphoneos;
				SWIFT_ACTIVE_COMPILATION_CONDITIONS = DEBUG;
				SWIFT_OPTIMIZATION_LEVEL = "-Onone";
			};
			name = Debug;
		};
		4F064C9427F0314300F33E75 /* Release */ = {
			isa = XCBuildConfiguration;
			buildSettings = {
				ALWAYS_SEARCH_USER_PATHS = NO;
				CLANG_ANALYZER_NONNULL = YES;
				CLANG_ANALYZER_NUMBER_OBJECT_CONVERSION = YES_AGGRESSIVE;
				CLANG_CXX_LANGUAGE_STANDARD = "gnu++17";
				CLANG_ENABLE_MODULES = YES;
				CLANG_ENABLE_OBJC_ARC = YES;
				CLANG_ENABLE_OBJC_WEAK = YES;
				CLANG_WARN_BLOCK_CAPTURE_AUTORELEASING = YES;
				CLANG_WARN_BOOL_CONVERSION = YES;
				CLANG_WARN_COMMA = YES;
				CLANG_WARN_CONSTANT_CONVERSION = YES;
				CLANG_WARN_DEPRECATED_OBJC_IMPLEMENTATIONS = YES;
				CLANG_WARN_DIRECT_OBJC_ISA_USAGE = YES_ERROR;
				CLANG_WARN_DOCUMENTATION_COMMENTS = YES;
				CLANG_WARN_EMPTY_BODY = YES;
				CLANG_WARN_ENUM_CONVERSION = YES;
				CLANG_WARN_INFINITE_RECURSION = YES;
				CLANG_WARN_INT_CONVERSION = YES;
				CLANG_WARN_NON_LITERAL_NULL_CONVERSION = YES;
				CLANG_WARN_OBJC_IMPLICIT_RETAIN_SELF = YES;
				CLANG_WARN_OBJC_LITERAL_CONVERSION = YES;
				CLANG_WARN_OBJC_ROOT_CLASS = YES_ERROR;
				CLANG_WARN_QUOTED_INCLUDE_IN_FRAMEWORK_HEADER = YES;
				CLANG_WARN_RANGE_LOOP_ANALYSIS = YES;
				CLANG_WARN_STRICT_PROTOTYPES = YES;
				CLANG_WARN_SUSPICIOUS_MOVE = YES;
				CLANG_WARN_UNGUARDED_AVAILABILITY = YES_AGGRESSIVE;
				CLANG_WARN_UNREACHABLE_CODE = YES;
				CLANG_WARN__DUPLICATE_METHOD_MATCH = YES;
				COPY_PHASE_STRIP = NO;
				DEBUG_INFORMATION_FORMAT = "dwarf-with-dsym";
				ENABLE_NS_ASSERTIONS = NO;
				ENABLE_STRICT_OBJC_MSGSEND = YES;
				GCC_C_LANGUAGE_STANDARD = gnu11;
				GCC_NO_COMMON_BLOCKS = YES;
				GCC_WARN_64_TO_32_BIT_CONVERSION = YES;
				GCC_WARN_ABOUT_RETURN_TYPE = YES_ERROR;
				GCC_WARN_UNDECLARED_SELECTOR = YES;
				GCC_WARN_UNINITIALIZED_AUTOS = YES_AGGRESSIVE;
				GCC_WARN_UNUSED_FUNCTION = YES;
				GCC_WARN_UNUSED_VARIABLE = YES;
				IPHONEOS_DEPLOYMENT_TARGET = 15.4;
				MTL_ENABLE_DEBUG_INFO = NO;
				MTL_FAST_MATH = YES;
				SDKROOT = iphoneos;
				SWIFT_COMPILATION_MODE = wholemodule;
				SWIFT_OPTIMIZATION_LEVEL = "-O";
				VALIDATE_PRODUCT = YES;
			};
			name = Release;
		};
		4F064C9627F0314300F33E75 /* Debug */ = {
			isa = XCBuildConfiguration;
			baseConfigurationReference = 3EC05914772329711DB8EA14 /* Pods-calculatrice.debug.xcconfig */;
			buildSettings = {
				ASSETCATALOG_COMPILER_APPICON_NAME = AppIcon;
				ASSETCATALOG_COMPILER_GLOBAL_ACCENT_COLOR_NAME = AccentColor;
				CODE_SIGN_STYLE = Automatic;
				CURRENT_PROJECT_VERSION = 1;
				DEVELOPMENT_TEAM = L3BYPUKWJN;
				GENERATE_INFOPLIST_FILE = YES;
				INFOPLIST_FILE = calculatrice/Info.plist;
				INFOPLIST_KEY_CFBundleDisplayName = Calccis;
				INFOPLIST_KEY_UIApplicationSupportsIndirectInputEvents = YES;
				INFOPLIST_KEY_UILaunchStoryboardName = LaunchScreen;
				INFOPLIST_KEY_UISupportedInterfaceOrientations = "UIInterfaceOrientationPortrait UIInterfaceOrientationPortraitUpsideDown";
				LD_RUNPATH_SEARCH_PATHS = (
					"$(inherited)",
					"@executable_path/Frameworks",
				);
				MARKETING_VERSION = 0.1;
				PRODUCT_BUNDLE_IDENTIFIER = com.jukkaa.calculatrice;
				PRODUCT_NAME = "$(TARGET_NAME)";
				SUPPORTED_PLATFORMS = "iphoneos iphonesimulator";
				SUPPORTS_MACCATALYST = NO;
				SUPPORTS_MAC_DESIGNED_FOR_IPHONE_IPAD = NO;
				SWIFT_EMIT_LOC_STRINGS = YES;
				SWIFT_VERSION = 5.0;
				TARGETED_DEVICE_FAMILY = 1;
			};
			name = Debug;
		};
		4F064C9727F0314300F33E75 /* Release */ = {
			isa = XCBuildConfiguration;
			baseConfigurationReference = 0CA50C9CF5E77C4775CC2534 /* Pods-calculatrice.release.xcconfig */;
			buildSettings = {
				ASSETCATALOG_COMPILER_APPICON_NAME = AppIcon;
				ASSETCATALOG_COMPILER_GLOBAL_ACCENT_COLOR_NAME = AccentColor;
				CODE_SIGN_STYLE = Automatic;
				CURRENT_PROJECT_VERSION = 1;
				DEVELOPMENT_TEAM = L3BYPUKWJN;
				GENERATE_INFOPLIST_FILE = YES;
				INFOPLIST_FILE = calculatrice/Info.plist;
				INFOPLIST_KEY_CFBundleDisplayName = Calccis;
				INFOPLIST_KEY_UIApplicationSupportsIndirectInputEvents = YES;
				INFOPLIST_KEY_UILaunchStoryboardName = LaunchScreen;
				INFOPLIST_KEY_UISupportedInterfaceOrientations = "UIInterfaceOrientationPortrait UIInterfaceOrientationPortraitUpsideDown";
				LD_RUNPATH_SEARCH_PATHS = (
					"$(inherited)",
					"@executable_path/Frameworks",
				);
				MARKETING_VERSION = 0.1;
				PRODUCT_BUNDLE_IDENTIFIER = com.jukkaa.calculatrice;
				PRODUCT_NAME = "$(TARGET_NAME)";
				SUPPORTED_PLATFORMS = "iphoneos iphonesimulator";
				SUPPORTS_MACCATALYST = NO;
				SUPPORTS_MAC_DESIGNED_FOR_IPHONE_IPAD = NO;
				SWIFT_EMIT_LOC_STRINGS = YES;
				SWIFT_VERSION = 5.0;
				TARGETED_DEVICE_FAMILY = 1;
			};
			name = Release;
		};
		4F064C9927F0314300F33E75 /* Debug */ = {
			isa = XCBuildConfiguration;
			buildSettings = {
				ALWAYS_EMBED_SWIFT_STANDARD_LIBRARIES = YES;
				BUNDLE_LOADER = "$(TEST_HOST)";
				CODE_SIGN_STYLE = Automatic;
				CURRENT_PROJECT_VERSION = 1;
				GENERATE_INFOPLIST_FILE = YES;
				IPHONEOS_DEPLOYMENT_TARGET = 15.4;
				MARKETING_VERSION = 1.0;
				PRODUCT_BUNDLE_IDENTIFIER = jukkaa.calculatriceTests;
				PRODUCT_NAME = "$(TARGET_NAME)";
				SWIFT_EMIT_LOC_STRINGS = NO;
				SWIFT_VERSION = 5.0;
				TARGETED_DEVICE_FAMILY = "1,2";
				TEST_HOST = "$(BUILT_PRODUCTS_DIR)/calculatrice.app/calculatrice";
			};
			name = Debug;
		};
		4F064C9A27F0314300F33E75 /* Release */ = {
			isa = XCBuildConfiguration;
			buildSettings = {
				ALWAYS_EMBED_SWIFT_STANDARD_LIBRARIES = YES;
				BUNDLE_LOADER = "$(TEST_HOST)";
				CODE_SIGN_STYLE = Automatic;
				CURRENT_PROJECT_VERSION = 1;
				GENERATE_INFOPLIST_FILE = YES;
				IPHONEOS_DEPLOYMENT_TARGET = 15.4;
				MARKETING_VERSION = 1.0;
				PRODUCT_BUNDLE_IDENTIFIER = jukkaa.calculatriceTests;
				PRODUCT_NAME = "$(TARGET_NAME)";
				SWIFT_EMIT_LOC_STRINGS = NO;
				SWIFT_VERSION = 5.0;
				TARGETED_DEVICE_FAMILY = "1,2";
				TEST_HOST = "$(BUILT_PRODUCTS_DIR)/calculatrice.app/calculatrice";
			};
			name = Release;
		};
		4F064C9C27F0314300F33E75 /* Debug */ = {
			isa = XCBuildConfiguration;
			buildSettings = {
				ALWAYS_EMBED_SWIFT_STANDARD_LIBRARIES = YES;
				CODE_SIGN_STYLE = Automatic;
				CURRENT_PROJECT_VERSION = 1;
				GENERATE_INFOPLIST_FILE = YES;
				MARKETING_VERSION = 1.0;
				PRODUCT_BUNDLE_IDENTIFIER = jukkaa.calculatriceUITests;
				PRODUCT_NAME = "$(TARGET_NAME)";
				SWIFT_EMIT_LOC_STRINGS = NO;
				SWIFT_VERSION = 5.0;
				TARGETED_DEVICE_FAMILY = "1,2";
				TEST_TARGET_NAME = calculatrice;
			};
			name = Debug;
		};
		4F064C9D27F0314300F33E75 /* Release */ = {
			isa = XCBuildConfiguration;
			buildSettings = {
				ALWAYS_EMBED_SWIFT_STANDARD_LIBRARIES = YES;
				CODE_SIGN_STYLE = Automatic;
				CURRENT_PROJECT_VERSION = 1;
				GENERATE_INFOPLIST_FILE = YES;
				MARKETING_VERSION = 1.0;
				PRODUCT_BUNDLE_IDENTIFIER = jukkaa.calculatriceUITests;
				PRODUCT_NAME = "$(TARGET_NAME)";
				SWIFT_EMIT_LOC_STRINGS = NO;
				SWIFT_VERSION = 5.0;
				TARGETED_DEVICE_FAMILY = "1,2";
				TEST_TARGET_NAME = calculatrice;
			};
			name = Release;
		};
/* End XCBuildConfiguration section */

/* Begin XCConfigurationList section */
		4F064C6627F0314200F33E75 /* Build configuration list for PBXProject "calculatrice" */ = {
			isa = XCConfigurationList;
			buildConfigurations = (
				4F064C9327F0314300F33E75 /* Debug */,
				4F064C9427F0314300F33E75 /* Release */,
			);
			defaultConfigurationIsVisible = 0;
			defaultConfigurationName = Release;
		};
		4F064C9527F0314300F33E75 /* Build configuration list for PBXNativeTarget "calculatrice" */ = {
			isa = XCConfigurationList;
			buildConfigurations = (
				4F064C9627F0314300F33E75 /* Debug */,
				4F064C9727F0314300F33E75 /* Release */,
			);
			defaultConfigurationIsVisible = 0;
			defaultConfigurationName = Release;
		};
		4F064C9827F0314300F33E75 /* Build configuration list for PBXNativeTarget "calculatriceTests" */ = {
			isa = XCConfigurationList;
			buildConfigurations = (
				4F064C9927F0314300F33E75 /* Debug */,
				4F064C9A27F0314300F33E75 /* Release */,
			);
			defaultConfigurationIsVisible = 0;
			defaultConfigurationName = Release;
		};
		4F064C9B27F0314300F33E75 /* Build configuration list for PBXNativeTarget "calculatriceUITests" */ = {
			isa = XCConfigurationList;
			buildConfigurations = (
				4F064C9C27F0314300F33E75 /* Debug */,
				4F064C9D27F0314300F33E75 /* Release */,
			);
			defaultConfigurationIsVisible = 0;
			defaultConfigurationName = Release;
		};
/* End XCConfigurationList section */
	};
	rootObject = 4F064C6327F0314200F33E75 /* Project object */;
}
