PODS:
  - SnapKit (5.0.1)
  - SwiftLint (0.47.0)

DEPENDENCIES:
  - SnapKit (~> 5.0)
  - SwiftLint

SPEC REPOS:
  https://github.com/CocoaPods/Specs.git:
    - SnapKit
    - SwiftLint

SPEC CHECKSUMS:
  SnapKit: 97b92857e3df3a0c71833cce143274bf6ef8e5eb
  SwiftLint: d41cc46a2ae58ac6d9f26954bc89f1d72e71fdef

PODFILE CHECKSUM: 2d975ba8b0635a4416055e5e197648cccf910965

COCOAPODS: 1.11.3
